// !$*UTF8*$!
{
	archiveVersion = 1;
	classes = {
	};
	objectVersion = 56;
	objects = {

/* Begin PBXBuildFile section */
		5B2538A9262A9399C7D4338C /* Pods_AlopeciaAreaMeterTests.framework in Frameworks */ = {isa = PBXBuildFile; fileRef = EAA6AAC740992BB894059524 /* Pods_AlopeciaAreaMeterTests.framework */; };
		5F0D0B322BB26A300074DD07 /* DrawingView.swift in Sources */ = {isa = PBXBuildFile; fileRef = 5F0D0B312BB26A300074DD07 /* DrawingView.swift */; };
		5F0D0B342BB26A470074DD07 /* PhotoVC.swift in Sources */ = {isa = PBXBuildFile; fileRef = 5F0D0B332BB26A470074DD07 /* PhotoVC.swift */; };
		5F0D0B3C2BB341A60074DD07 /* Auth.storyboard in Resources */ = {isa = PBXBuildFile; fileRef = 5F0D0B3B2BB341A60074DD07 /* Auth.storyboard */; };
		5F0D0B3F2BB341D00074DD07 /* AuthBtnsViewCell.xib in Resources */ = {isa = PBXBuildFile; fileRef = 5F0D0B3D2BB341CF0074DD07 /* AuthBtnsViewCell.xib */; };
		5F0D0B402BB341D00074DD07 /* AuthBtnsViewCell.swift in Sources */ = {isa = PBXBuildFile; fileRef = 5F0D0B3E2BB341D00074DD07 /* AuthBtnsViewCell.swift */; };
		5F0D0B452BB3420C0074DD07 /* LoginVC.swift in Sources */ = {isa = PBXBuildFile; fileRef = 5F0D0B432BB3420C0074DD07 /* LoginVC.swift */; };
		5F0D0B462BB3420C0074DD07 /* SignUpVC.swift in Sources */ = {isa = PBXBuildFile; fileRef = 5F0D0B442BB3420C0074DD07 /* SignUpVC.swift */; };
		5F7113C92BA8520D0006C667 /* UiViewControllerExtension.swift in Sources */ = {isa = PBXBuildFile; fileRef = 5F7113C82BA8520D0006C667 /* UiViewControllerExtension.swift */; };
		5F7113CA2BA8520D0006C667 /* UiViewControllerExtension.swift in Sources */ = {isa = PBXBuildFile; fileRef = 5F7113C82BA8520D0006C667 /* UiViewControllerExtension.swift */; };
		5F7113CB2BA8520D0006C667 /* UiViewControllerExtension.swift in Sources */ = {isa = PBXBuildFile; fileRef = 5F7113C82BA8520D0006C667 /* UiViewControllerExtension.swift */; };
		5F7113E72BAA3BBF0006C667 /* LoginVM.swift in Sources */ = {isa = PBXBuildFile; fileRef = 5F7113E62BAA3BBF0006C667 /* LoginVM.swift */; };
		5F7113E92BAA3C030006C667 /* SignUpVM.swift in Sources */ = {isa = PBXBuildFile; fileRef = 5F7113E82BAA3C030006C667 /* SignUpVM.swift */; };
		5F7113EA2BAA3C030006C667 /* SignUpVM.swift in Sources */ = {isa = PBXBuildFile; fileRef = 5F7113E82BAA3C030006C667 /* SignUpVM.swift */; };
		5F7113EB2BAA3C030006C667 /* SignUpVM.swift in Sources */ = {isa = PBXBuildFile; fileRef = 5F7113E82BAA3C030006C667 /* SignUpVM.swift */; };
		5F7113ED2BAA3D860006C667 /* BaseViewModel.swift in Sources */ = {isa = PBXBuildFile; fileRef = 5F7113EC2BAA3D860006C667 /* BaseViewModel.swift */; };
		5F7113EE2BAA3D860006C667 /* BaseViewModel.swift in Sources */ = {isa = PBXBuildFile; fileRef = 5F7113EC2BAA3D860006C667 /* BaseViewModel.swift */; };
		5F7113EF2BAA3D860006C667 /* BaseViewModel.swift in Sources */ = {isa = PBXBuildFile; fileRef = 5F7113EC2BAA3D860006C667 /* BaseViewModel.swift */; };
		5F7113F12BAA3D940006C667 /* LoginViewModel.swift in Sources */ = {isa = PBXBuildFile; fileRef = 5F7113F02BAA3D940006C667 /* LoginViewModel.swift */; };
		5F7113F22BAA3D940006C667 /* LoginViewModel.swift in Sources */ = {isa = PBXBuildFile; fileRef = 5F7113F02BAA3D940006C667 /* LoginViewModel.swift */; };
		5F7113F32BAA3D940006C667 /* LoginViewModel.swift in Sources */ = {isa = PBXBuildFile; fileRef = 5F7113F02BAA3D940006C667 /* LoginViewModel.swift */; };
		5F7113FA2BAA4F1B0006C667 /* Patient.storyboard in Resources */ = {isa = PBXBuildFile; fileRef = 5F7113F92BAA4F1B0006C667 /* Patient.storyboard */; };
		5F7113FB2BAA4F1B0006C667 /* Patient.storyboard in Resources */ = {isa = PBXBuildFile; fileRef = 5F7113F92BAA4F1B0006C667 /* Patient.storyboard */; };
		5F7113FC2BAA4F1B0006C667 /* Patient.storyboard in Resources */ = {isa = PBXBuildFile; fileRef = 5F7113F92BAA4F1B0006C667 /* Patient.storyboard */; };
		5F7114012BAA532D0006C667 /* HomePatientListViewCell.swift in Sources */ = {isa = PBXBuildFile; fileRef = 5F7113FF2BAA532D0006C667 /* HomePatientListViewCell.swift */; };
		5F7114022BAA532D0006C667 /* HomePatientListViewCell.swift in Sources */ = {isa = PBXBuildFile; fileRef = 5F7113FF2BAA532D0006C667 /* HomePatientListViewCell.swift */; };
		5F7114032BAA532D0006C667 /* HomePatientListViewCell.swift in Sources */ = {isa = PBXBuildFile; fileRef = 5F7113FF2BAA532D0006C667 /* HomePatientListViewCell.swift */; };
		5F7114042BAA532D0006C667 /* HomePatientListViewCell.xib in Resources */ = {isa = PBXBuildFile; fileRef = 5F7114002BAA532D0006C667 /* HomePatientListViewCell.xib */; };
		5F7114052BAA532D0006C667 /* HomePatientListViewCell.xib in Resources */ = {isa = PBXBuildFile; fileRef = 5F7114002BAA532D0006C667 /* HomePatientListViewCell.xib */; };
		5F7114062BAA532D0006C667 /* HomePatientListViewCell.xib in Resources */ = {isa = PBXBuildFile; fileRef = 5F7114002BAA532D0006C667 /* HomePatientListViewCell.xib */; };
		5F7114092BAA56E50006C667 /* RecordViewCell.swift in Sources */ = {isa = PBXBuildFile; fileRef = 5F7114072BAA56E50006C667 /* RecordViewCell.swift */; };
		5F71140A2BAA56E50006C667 /* RecordViewCell.swift in Sources */ = {isa = PBXBuildFile; fileRef = 5F7114072BAA56E50006C667 /* RecordViewCell.swift */; };
		5F71140B2BAA56E50006C667 /* RecordViewCell.swift in Sources */ = {isa = PBXBuildFile; fileRef = 5F7114072BAA56E50006C667 /* RecordViewCell.swift */; };
		5F71140C2BAA56E50006C667 /* RecordViewCell.xib in Resources */ = {isa = PBXBuildFile; fileRef = 5F7114082BAA56E50006C667 /* RecordViewCell.xib */; };
		5F71140D2BAA56E50006C667 /* RecordViewCell.xib in Resources */ = {isa = PBXBuildFile; fileRef = 5F7114082BAA56E50006C667 /* RecordViewCell.xib */; };
		5F71140E2BAA56E50006C667 /* RecordViewCell.xib in Resources */ = {isa = PBXBuildFile; fileRef = 5F7114082BAA56E50006C667 /* RecordViewCell.xib */; };
		5F7114112BAA5C550006C667 /* CustomAlerts.storyboard in Resources */ = {isa = PBXBuildFile; fileRef = 5F7114102BAA5C550006C667 /* CustomAlerts.storyboard */; };
		5F7114122BAA5C550006C667 /* CustomAlerts.storyboard in Resources */ = {isa = PBXBuildFile; fileRef = 5F7114102BAA5C550006C667 /* CustomAlerts.storyboard */; };
		5F7114132BAA5C550006C667 /* CustomAlerts.storyboard in Resources */ = {isa = PBXBuildFile; fileRef = 5F7114102BAA5C550006C667 /* CustomAlerts.storyboard */; };
		5F71141A2BAA6AC20006C667 /* StoryboardConstants.swift in Sources */ = {isa = PBXBuildFile; fileRef = 5F7114192BAA6AC20006C667 /* StoryboardConstants.swift */; };
		5F71141B2BAA6AC20006C667 /* StoryboardConstants.swift in Sources */ = {isa = PBXBuildFile; fileRef = 5F7114192BAA6AC20006C667 /* StoryboardConstants.swift */; };
		5F71141C2BAA6AC20006C667 /* StoryboardConstants.swift in Sources */ = {isa = PBXBuildFile; fileRef = 5F7114192BAA6AC20006C667 /* StoryboardConstants.swift */; };
		5F71141E2BAEC63F0006C667 /* AppConstants.swift in Sources */ = {isa = PBXBuildFile; fileRef = 5F71141D2BAEC63F0006C667 /* AppConstants.swift */; };
		5F71141F2BAEC63F0006C667 /* AppConstants.swift in Sources */ = {isa = PBXBuildFile; fileRef = 5F71141D2BAEC63F0006C667 /* AppConstants.swift */; };
		5F7114202BAEC63F0006C667 /* AppConstants.swift in Sources */ = {isa = PBXBuildFile; fileRef = 5F71141D2BAEC63F0006C667 /* AppConstants.swift */; };
		5F7114232BAEDD570006C667 /* IconConstants.swift in Sources */ = {isa = PBXBuildFile; fileRef = 5F7114222BAEDD570006C667 /* IconConstants.swift */; };
		5F7114242BAEDD570006C667 /* IconConstants.swift in Sources */ = {isa = PBXBuildFile; fileRef = 5F7114222BAEDD570006C667 /* IconConstants.swift */; };
		5F7114252BAEDD570006C667 /* IconConstants.swift in Sources */ = {isa = PBXBuildFile; fileRef = 5F7114222BAEDD570006C667 /* IconConstants.swift */; };
		5F7114272BAEE4650006C667 /* ColorConstants.swift in Sources */ = {isa = PBXBuildFile; fileRef = 5F7114262BAEE4650006C667 /* ColorConstants.swift */; };
		5F7114282BAEE4650006C667 /* ColorConstants.swift in Sources */ = {isa = PBXBuildFile; fileRef = 5F7114262BAEE4650006C667 /* ColorConstants.swift */; };
		5F7114292BAEE4650006C667 /* ColorConstants.swift in Sources */ = {isa = PBXBuildFile; fileRef = 5F7114262BAEE4650006C667 /* ColorConstants.swift */; };
		5F71142C2BAEE79A0006C667 /* UiColorExtension.swift in Sources */ = {isa = PBXBuildFile; fileRef = 5F71142B2BAEE79A0006C667 /* UiColorExtension.swift */; };
		5F71142D2BAEE79A0006C667 /* UiColorExtension.swift in Sources */ = {isa = PBXBuildFile; fileRef = 5F71142B2BAEE79A0006C667 /* UiColorExtension.swift */; };
		5F71142E2BAEE79A0006C667 /* UiColorExtension.swift in Sources */ = {isa = PBXBuildFile; fileRef = 5F71142B2BAEE79A0006C667 /* UiColorExtension.swift */; };
		5F9977EB2BA560840085309B /* AppDelegate.swift in Sources */ = {isa = PBXBuildFile; fileRef = 5F9977EA2BA560840085309B /* AppDelegate.swift */; };
		5F9977ED2BA560840085309B /* SceneDelegate.swift in Sources */ = {isa = PBXBuildFile; fileRef = 5F9977EC2BA560840085309B /* SceneDelegate.swift */; };
		5F9977EF2BA560840085309B /* ViewController.swift in Sources */ = {isa = PBXBuildFile; fileRef = 5F9977EE2BA560840085309B /* ViewController.swift */; };
		5F9977F22BA560840085309B /* Main.storyboard in Resources */ = {isa = PBXBuildFile; fileRef = 5F9977F02BA560840085309B /* Main.storyboard */; };
		5F9977F52BA560840085309B /* AlopeciaAreaMeter.xcdatamodeld in Sources */ = {isa = PBXBuildFile; fileRef = 5F9977F32BA560840085309B /* AlopeciaAreaMeter.xcdatamodeld */; };
		5F9977F72BA560850085309B /* Assets.xcassets in Resources */ = {isa = PBXBuildFile; fileRef = 5F9977F62BA560850085309B /* Assets.xcassets */; };
		5F9977FA2BA560860085309B /* LaunchScreen.storyboard in Resources */ = {isa = PBXBuildFile; fileRef = 5F9977F82BA560860085309B /* LaunchScreen.storyboard */; };
		5F9978052BA560860085309B /* AlopeciaAreaMeterTests.swift in Sources */ = {isa = PBXBuildFile; fileRef = 5F9978042BA560860085309B /* AlopeciaAreaMeterTests.swift */; };
		5F99780F2BA560860085309B /* AlopeciaAreaMeterUITests.swift in Sources */ = {isa = PBXBuildFile; fileRef = 5F99780E2BA560860085309B /* AlopeciaAreaMeterUITests.swift */; };
		5F9978112BA560860085309B /* AlopeciaAreaMeterUITestsLaunchTests.swift in Sources */ = {isa = PBXBuildFile; fileRef = 5F9978102BA560860085309B /* AlopeciaAreaMeterUITestsLaunchTests.swift */; };
		5F9978242BA6F7ED0085309B /* Utilities.swift in Sources */ = {isa = PBXBuildFile; fileRef = 5F9978232BA6F7ED0085309B /* Utilities.swift */; };
		5F9978252BA6F7ED0085309B /* Utilities.swift in Sources */ = {isa = PBXBuildFile; fileRef = 5F9978232BA6F7ED0085309B /* Utilities.swift */; };
		5F9978262BA6F7ED0085309B /* Utilities.swift in Sources */ = {isa = PBXBuildFile; fileRef = 5F9978232BA6F7ED0085309B /* Utilities.swift */; };
		5F9978392BA71CB00085309B /* SF Pro Text in Resources */ = {isa = PBXBuildFile; fileRef = 5F9978382BA71CB00085309B /* SF Pro Text */; };
		5F99783A2BA71CB00085309B /* SF Pro Text in Resources */ = {isa = PBXBuildFile; fileRef = 5F9978382BA71CB00085309B /* SF Pro Text */; };
		5F99783B2BA71CB00085309B /* SF Pro Text in Resources */ = {isa = PBXBuildFile; fileRef = 5F9978382BA71CB00085309B /* SF Pro Text */; };
		5F99783E2BA720300085309B /* AuthTextViewCell.swift in Sources */ = {isa = PBXBuildFile; fileRef = 5F99783C2BA720300085309B /* AuthTextViewCell.swift */; };
		5F99783F2BA720300085309B /* AuthTextViewCell.swift in Sources */ = {isa = PBXBuildFile; fileRef = 5F99783C2BA720300085309B /* AuthTextViewCell.swift */; };
		5F9978402BA720300085309B /* AuthTextViewCell.swift in Sources */ = {isa = PBXBuildFile; fileRef = 5F99783C2BA720300085309B /* AuthTextViewCell.swift */; };
		5F9978412BA720300085309B /* AuthTextViewCell.xib in Resources */ = {isa = PBXBuildFile; fileRef = 5F99783D2BA720300085309B /* AuthTextViewCell.xib */; };
		5F9978422BA720300085309B /* AuthTextViewCell.xib in Resources */ = {isa = PBXBuildFile; fileRef = 5F99783D2BA720300085309B /* AuthTextViewCell.xib */; };
		5F9978432BA720300085309B /* AuthTextViewCell.xib in Resources */ = {isa = PBXBuildFile; fileRef = 5F99783D2BA720300085309B /* AuthTextViewCell.xib */; };
		5F9978472BA8195D0085309B /* AuthHeaderViewCell.swift in Sources */ = {isa = PBXBuildFile; fileRef = 5F9978452BA8195D0085309B /* AuthHeaderViewCell.swift */; };
		5F9978482BA8195D0085309B /* AuthHeaderViewCell.swift in Sources */ = {isa = PBXBuildFile; fileRef = 5F9978452BA8195D0085309B /* AuthHeaderViewCell.swift */; };
		5F9978492BA8195D0085309B /* AuthHeaderViewCell.swift in Sources */ = {isa = PBXBuildFile; fileRef = 5F9978452BA8195D0085309B /* AuthHeaderViewCell.swift */; };
		5F99784A2BA8195D0085309B /* AuthHeaderViewCell.xib in Resources */ = {isa = PBXBuildFile; fileRef = 5F9978462BA8195D0085309B /* AuthHeaderViewCell.xib */; };
		5F99784B2BA8195D0085309B /* AuthHeaderViewCell.xib in Resources */ = {isa = PBXBuildFile; fileRef = 5F9978462BA8195D0085309B /* AuthHeaderViewCell.xib */; };
		5F99784C2BA8195D0085309B /* AuthHeaderViewCell.xib in Resources */ = {isa = PBXBuildFile; fileRef = 5F9978462BA8195D0085309B /* AuthHeaderViewCell.xib */; };
		5F9978532BA824D20085309B /* Observable.swift in Sources */ = {isa = PBXBuildFile; fileRef = 5F9978522BA824D20085309B /* Observable.swift */; };
		5F9978542BA824D20085309B /* Observable.swift in Sources */ = {isa = PBXBuildFile; fileRef = 5F9978522BA824D20085309B /* Observable.swift */; };
		5F9978552BA824D20085309B /* Observable.swift in Sources */ = {isa = PBXBuildFile; fileRef = 5F9978522BA824D20085309B /* Observable.swift */; };
		5FA27D912BAF5E4100C459C1 /* UiImageExtension.swift in Sources */ = {isa = PBXBuildFile; fileRef = 5FA27D902BAF5E4100C459C1 /* UiImageExtension.swift */; };
		5FA27D932BAF5E4F00C459C1 /* CameraVC.swift in Sources */ = {isa = PBXBuildFile; fileRef = 5FA27D922BAF5E4F00C459C1 /* CameraVC.swift */; };
		5FB594032BAF5BE6009D59FB /* PatientHomeVC.swift in Sources */ = {isa = PBXBuildFile; fileRef = 5FB594022BAF5BE6009D59FB /* PatientHomeVC.swift */; };
		5FDF5F592BB03C7B00AA665D /* SideMenuHeaderViewCell.swift in Sources */ = {isa = PBXBuildFile; fileRef = 5FDF5F572BB03C7B00AA665D /* SideMenuHeaderViewCell.swift */; };
		5FDF5F5A2BB03C7B00AA665D /* SideMenuHeaderViewCell.xib in Resources */ = {isa = PBXBuildFile; fileRef = 5FDF5F582BB03C7B00AA665D /* SideMenuHeaderViewCell.xib */; };
		5FDF5F5D2BB03DFF00AA665D /* SideMenuListViewCell.swift in Sources */ = {isa = PBXBuildFile; fileRef = 5FDF5F5B2BB03DFF00AA665D /* SideMenuListViewCell.swift */; };
		5FDF5F5E2BB03DFF00AA665D /* SideMenuListViewCell.swift in Sources */ = {isa = PBXBuildFile; fileRef = 5FDF5F5B2BB03DFF00AA665D /* SideMenuListViewCell.swift */; };
		5FDF5F5F2BB03DFF00AA665D /* SideMenuListViewCell.swift in Sources */ = {isa = PBXBuildFile; fileRef = 5FDF5F5B2BB03DFF00AA665D /* SideMenuListViewCell.swift */; };
		5FDF5F602BB03DFF00AA665D /* SideMenuListViewCell.xib in Resources */ = {isa = PBXBuildFile; fileRef = 5FDF5F5C2BB03DFF00AA665D /* SideMenuListViewCell.xib */; };
		5FDF5F612BB03DFF00AA665D /* SideMenuListViewCell.xib in Resources */ = {isa = PBXBuildFile; fileRef = 5FDF5F5C2BB03DFF00AA665D /* SideMenuListViewCell.xib */; };
		5FDF5F622BB03DFF00AA665D /* SideMenuListViewCell.xib in Resources */ = {isa = PBXBuildFile; fileRef = 5FDF5F5C2BB03DFF00AA665D /* SideMenuListViewCell.xib */; };
		5FDF5F652BB040D000AA665D /* SideMenuVC.swift in Sources */ = {isa = PBXBuildFile; fileRef = 5FDF5F642BB040D000AA665D /* SideMenuVC.swift */; };
		5FDF5F662BB040D000AA665D /* SideMenuVC.swift in Sources */ = {isa = PBXBuildFile; fileRef = 5FDF5F642BB040D000AA665D /* SideMenuVC.swift */; };
		5FDF5F672BB040D000AA665D /* SideMenuVC.swift in Sources */ = {isa = PBXBuildFile; fileRef = 5FDF5F642BB040D000AA665D /* SideMenuVC.swift */; };
		5FDF5F692BB08D1100AA665D /* SideMenuPresentationController.swift in Sources */ = {isa = PBXBuildFile; fileRef = 5FDF5F682BB08D1100AA665D /* SideMenuPresentationController.swift */; };
		5FDF5F6A2BB08D1100AA665D /* SideMenuPresentationController.swift in Sources */ = {isa = PBXBuildFile; fileRef = 5FDF5F682BB08D1100AA665D /* SideMenuPresentationController.swift */; };
		5FDF5F6B2BB08D1100AA665D /* SideMenuPresentationController.swift in Sources */ = {isa = PBXBuildFile; fileRef = 5FDF5F682BB08D1100AA665D /* SideMenuPresentationController.swift */; };
		5FDF5F6D2BB08D6B00AA665D /* SlideInPresentationAnimator.swift in Sources */ = {isa = PBXBuildFile; fileRef = 5FDF5F6C2BB08D6B00AA665D /* SlideInPresentationAnimator.swift */; };
		5FDF5F6E2BB08D6B00AA665D /* SlideInPresentationAnimator.swift in Sources */ = {isa = PBXBuildFile; fileRef = 5FDF5F6C2BB08D6B00AA665D /* SlideInPresentationAnimator.swift */; };
		5FDF5F6F2BB08D6B00AA665D /* SlideInPresentationAnimator.swift in Sources */ = {isa = PBXBuildFile; fileRef = 5FDF5F6C2BB08D6B00AA665D /* SlideInPresentationAnimator.swift */; };
		7D2BF95808C1F799D162AB78 /* Pods_AlopeciaAreaMeter.framework in Frameworks */ = {isa = PBXBuildFile; fileRef = B72ECCAACB1729374ADD6AA5 /* Pods_AlopeciaAreaMeter.framework */; };
		85E0A53B2BB28210005BDA7C /* sf-pro-display-cufonfonts in Resources */ = {isa = PBXBuildFile; fileRef = 85E0A53A2BB28210005BDA7C /* sf-pro-display-cufonfonts */; };
		85E0A53D2BB28E9C005BDA7C /* Records.storyboard in Resources */ = {isa = PBXBuildFile; fileRef = 85E0A53C2BB28E9C005BDA7C /* Records.storyboard */; };
		85E0A53E2BB28E9C005BDA7C /* Records.storyboard in Resources */ = {isa = PBXBuildFile; fileRef = 85E0A53C2BB28E9C005BDA7C /* Records.storyboard */; };
		85E0A53F2BB28E9C005BDA7C /* Records.storyboard in Resources */ = {isa = PBXBuildFile; fileRef = 85E0A53C2BB28E9C005BDA7C /* Records.storyboard */; };
		85E0A5412BB28ED4005BDA7C /* NavBarView.xib in Resources */ = {isa = PBXBuildFile; fileRef = 85E0A5402BB28ED4005BDA7C /* NavBarView.xib */; };
		85E0A5422BB28ED4005BDA7C /* NavBarView.xib in Resources */ = {isa = PBXBuildFile; fileRef = 85E0A5402BB28ED4005BDA7C /* NavBarView.xib */; };
		85E0A5432BB28ED4005BDA7C /* NavBarView.xib in Resources */ = {isa = PBXBuildFile; fileRef = 85E0A5402BB28ED4005BDA7C /* NavBarView.xib */; };
		85E0A5452BB290C2005BDA7C /* NavBarView.swift in Sources */ = {isa = PBXBuildFile; fileRef = 85E0A5442BB290C2005BDA7C /* NavBarView.swift */; };
		85E0A5462BB290C2005BDA7C /* NavBarView.swift in Sources */ = {isa = PBXBuildFile; fileRef = 85E0A5442BB290C2005BDA7C /* NavBarView.swift */; };
		85E0A5472BB290C2005BDA7C /* NavBarView.swift in Sources */ = {isa = PBXBuildFile; fileRef = 85E0A5442BB290C2005BDA7C /* NavBarView.swift */; };
		85E0A54A2BB291B5005BDA7C /* RecordsVC.swift in Sources */ = {isa = PBXBuildFile; fileRef = 85E0A5492BB291B5005BDA7C /* RecordsVC.swift */; };
		85E0A54B2BB291B5005BDA7C /* RecordsVC.swift in Sources */ = {isa = PBXBuildFile; fileRef = 85E0A5492BB291B5005BDA7C /* RecordsVC.swift */; };
		85E0A54C2BB291B5005BDA7C /* RecordsVC.swift in Sources */ = {isa = PBXBuildFile; fileRef = 85E0A5492BB291B5005BDA7C /* RecordsVC.swift */; };
		85E0A54F2BB29B65005BDA7C /* GraphViewCell.swift in Sources */ = {isa = PBXBuildFile; fileRef = 85E0A54D2BB29B65005BDA7C /* GraphViewCell.swift */; };
		85E0A5502BB29B65005BDA7C /* GraphViewCell.swift in Sources */ = {isa = PBXBuildFile; fileRef = 85E0A54D2BB29B65005BDA7C /* GraphViewCell.swift */; };
		85E0A5512BB29B65005BDA7C /* GraphViewCell.swift in Sources */ = {isa = PBXBuildFile; fileRef = 85E0A54D2BB29B65005BDA7C /* GraphViewCell.swift */; };
		85E0A5522BB29B65005BDA7C /* GraphViewCell.xib in Resources */ = {isa = PBXBuildFile; fileRef = 85E0A54E2BB29B65005BDA7C /* GraphViewCell.xib */; };
		85E0A5532BB29B65005BDA7C /* GraphViewCell.xib in Resources */ = {isa = PBXBuildFile; fileRef = 85E0A54E2BB29B65005BDA7C /* GraphViewCell.xib */; };
		85E0A5542BB29B65005BDA7C /* GraphViewCell.xib in Resources */ = {isa = PBXBuildFile; fileRef = 85E0A54E2BB29B65005BDA7C /* GraphViewCell.xib */; };
		A37D9F8936A738FD8745442E /* Pods_AlopeciaAreaMeter_AlopeciaAreaMeterUITests.framework in Frameworks */ = {isa = PBXBuildFile; fileRef = 0EF2FF10F89D568DC3BAB6AA /* Pods_AlopeciaAreaMeter_AlopeciaAreaMeterUITests.framework */; };
/* End PBXBuildFile section */

/* Begin PBXContainerItemProxy section */
		5F9978012BA560860085309B /* PBXContainerItemProxy */ = {
			isa = PBXContainerItemProxy;
			containerPortal = 5F9977DF2BA560840085309B /* Project object */;
			proxyType = 1;
			remoteGlobalIDString = 5F9977E62BA560840085309B;
			remoteInfo = AlopeciaAreaMeter;
		};
		5F99780B2BA560860085309B /* PBXContainerItemProxy */ = {
			isa = PBXContainerItemProxy;
			containerPortal = 5F9977DF2BA560840085309B /* Project object */;
			proxyType = 1;
			remoteGlobalIDString = 5F9977E62BA560840085309B;
			remoteInfo = AlopeciaAreaMeter;
		};
/* End PBXContainerItemProxy section */

/* Begin PBXFileReference section */
		0EF2FF10F89D568DC3BAB6AA /* Pods_AlopeciaAreaMeter_AlopeciaAreaMeterUITests.framework */ = {isa = PBXFileReference; explicitFileType = wrapper.framework; includeInIndex = 0; path = Pods_AlopeciaAreaMeter_AlopeciaAreaMeterUITests.framework; sourceTree = BUILT_PRODUCTS_DIR; };
		2C7658E14B61D33F8258909B /* Pods-AlopeciaAreaMeterTests.release.xcconfig */ = {isa = PBXFileReference; includeInIndex = 1; lastKnownFileType = text.xcconfig; name = "Pods-AlopeciaAreaMeterTests.release.xcconfig"; path = "Target Support Files/Pods-AlopeciaAreaMeterTests/Pods-AlopeciaAreaMeterTests.release.xcconfig"; sourceTree = "<group>"; };
		5F0D0B312BB26A300074DD07 /* DrawingView.swift */ = {isa = PBXFileReference; fileEncoding = 4; lastKnownFileType = sourcecode.swift; path = DrawingView.swift; sourceTree = "<group>"; };
		5F0D0B332BB26A470074DD07 /* PhotoVC.swift */ = {isa = PBXFileReference; fileEncoding = 4; lastKnownFileType = sourcecode.swift; path = PhotoVC.swift; sourceTree = "<group>"; };
		5F0D0B3B2BB341A60074DD07 /* Auth.storyboard */ = {isa = PBXFileReference; fileEncoding = 4; lastKnownFileType = file.storyboard; path = Auth.storyboard; sourceTree = "<group>"; };
		5F0D0B3D2BB341CF0074DD07 /* AuthBtnsViewCell.xib */ = {isa = PBXFileReference; fileEncoding = 4; lastKnownFileType = file.xib; path = AuthBtnsViewCell.xib; sourceTree = "<group>"; };
		5F0D0B3E2BB341D00074DD07 /* AuthBtnsViewCell.swift */ = {isa = PBXFileReference; fileEncoding = 4; lastKnownFileType = sourcecode.swift; path = AuthBtnsViewCell.swift; sourceTree = "<group>"; };
		5F0D0B432BB3420C0074DD07 /* LoginVC.swift */ = {isa = PBXFileReference; fileEncoding = 4; lastKnownFileType = sourcecode.swift; path = LoginVC.swift; sourceTree = "<group>"; };
		5F0D0B442BB3420C0074DD07 /* SignUpVC.swift */ = {isa = PBXFileReference; fileEncoding = 4; lastKnownFileType = sourcecode.swift; path = SignUpVC.swift; sourceTree = "<group>"; };
		5F7113C82BA8520D0006C667 /* UiViewControllerExtension.swift */ = {isa = PBXFileReference; lastKnownFileType = sourcecode.swift; path = UiViewControllerExtension.swift; sourceTree = "<group>"; };
		5F7113E62BAA3BBF0006C667 /* LoginVM.swift */ = {isa = PBXFileReference; lastKnownFileType = sourcecode.swift; path = LoginVM.swift; sourceTree = "<group>"; };
		5F7113E82BAA3C030006C667 /* SignUpVM.swift */ = {isa = PBXFileReference; lastKnownFileType = sourcecode.swift; path = SignUpVM.swift; sourceTree = "<group>"; };
		5F7113EC2BAA3D860006C667 /* BaseViewModel.swift */ = {isa = PBXFileReference; fileEncoding = 4; lastKnownFileType = sourcecode.swift; path = BaseViewModel.swift; sourceTree = "<group>"; };
		5F7113F02BAA3D940006C667 /* LoginViewModel.swift */ = {isa = PBXFileReference; fileEncoding = 4; lastKnownFileType = sourcecode.swift; path = LoginViewModel.swift; sourceTree = "<group>"; };
		5F7113F92BAA4F1B0006C667 /* Patient.storyboard */ = {isa = PBXFileReference; lastKnownFileType = file.storyboard; path = Patient.storyboard; sourceTree = "<group>"; };
		5F7113FF2BAA532D0006C667 /* HomePatientListViewCell.swift */ = {isa = PBXFileReference; lastKnownFileType = sourcecode.swift; path = HomePatientListViewCell.swift; sourceTree = "<group>"; };
		5F7114002BAA532D0006C667 /* HomePatientListViewCell.xib */ = {isa = PBXFileReference; lastKnownFileType = file.xib; path = HomePatientListViewCell.xib; sourceTree = "<group>"; };
		5F7114072BAA56E50006C667 /* RecordViewCell.swift */ = {isa = PBXFileReference; lastKnownFileType = sourcecode.swift; path = RecordViewCell.swift; sourceTree = "<group>"; };
		5F7114082BAA56E50006C667 /* RecordViewCell.xib */ = {isa = PBXFileReference; lastKnownFileType = file.xib; path = RecordViewCell.xib; sourceTree = "<group>"; };
		5F7114102BAA5C550006C667 /* CustomAlerts.storyboard */ = {isa = PBXFileReference; lastKnownFileType = file.storyboard; path = CustomAlerts.storyboard; sourceTree = "<group>"; };
		5F7114192BAA6AC20006C667 /* StoryboardConstants.swift */ = {isa = PBXFileReference; lastKnownFileType = sourcecode.swift; path = StoryboardConstants.swift; sourceTree = "<group>"; };
		5F71141D2BAEC63F0006C667 /* AppConstants.swift */ = {isa = PBXFileReference; lastKnownFileType = sourcecode.swift; path = AppConstants.swift; sourceTree = "<group>"; };
		5F7114222BAEDD570006C667 /* IconConstants.swift */ = {isa = PBXFileReference; lastKnownFileType = sourcecode.swift; path = IconConstants.swift; sourceTree = "<group>"; };
		5F7114262BAEE4650006C667 /* ColorConstants.swift */ = {isa = PBXFileReference; lastKnownFileType = sourcecode.swift; path = ColorConstants.swift; sourceTree = "<group>"; };
		5F71142B2BAEE79A0006C667 /* UiColorExtension.swift */ = {isa = PBXFileReference; lastKnownFileType = sourcecode.swift; path = UiColorExtension.swift; sourceTree = "<group>"; };
		5F9977E72BA560840085309B /* AlopeciaAreaMeter.app */ = {isa = PBXFileReference; explicitFileType = wrapper.application; includeInIndex = 0; path = AlopeciaAreaMeter.app; sourceTree = BUILT_PRODUCTS_DIR; };
		5F9977EA2BA560840085309B /* AppDelegate.swift */ = {isa = PBXFileReference; lastKnownFileType = sourcecode.swift; path = AppDelegate.swift; sourceTree = "<group>"; };
		5F9977EC2BA560840085309B /* SceneDelegate.swift */ = {isa = PBXFileReference; lastKnownFileType = sourcecode.swift; path = SceneDelegate.swift; sourceTree = "<group>"; };
		5F9977EE2BA560840085309B /* ViewController.swift */ = {isa = PBXFileReference; lastKnownFileType = sourcecode.swift; path = ViewController.swift; sourceTree = "<group>"; };
		5F9977F12BA560840085309B /* Base */ = {isa = PBXFileReference; lastKnownFileType = file.storyboard; name = Base; path = Base.lproj/Main.storyboard; sourceTree = "<group>"; };
		5F9977F42BA560840085309B /* AlopeciaAreaMeter.xcdatamodel */ = {isa = PBXFileReference; lastKnownFileType = wrapper.xcdatamodel; path = AlopeciaAreaMeter.xcdatamodel; sourceTree = "<group>"; };
		5F9977F62BA560850085309B /* Assets.xcassets */ = {isa = PBXFileReference; lastKnownFileType = folder.assetcatalog; path = Assets.xcassets; sourceTree = "<group>"; };
		5F9977F92BA560860085309B /* Base */ = {isa = PBXFileReference; lastKnownFileType = file.storyboard; name = Base; path = Base.lproj/LaunchScreen.storyboard; sourceTree = "<group>"; };
		5F9977FB2BA560860085309B /* Info.plist */ = {isa = PBXFileReference; lastKnownFileType = text.plist.xml; path = Info.plist; sourceTree = "<group>"; };
		5F9978002BA560860085309B /* AlopeciaAreaMeterTests.xctest */ = {isa = PBXFileReference; explicitFileType = wrapper.cfbundle; includeInIndex = 0; path = AlopeciaAreaMeterTests.xctest; sourceTree = BUILT_PRODUCTS_DIR; };
		5F9978042BA560860085309B /* AlopeciaAreaMeterTests.swift */ = {isa = PBXFileReference; lastKnownFileType = sourcecode.swift; path = AlopeciaAreaMeterTests.swift; sourceTree = "<group>"; };
		5F99780A2BA560860085309B /* AlopeciaAreaMeterUITests.xctest */ = {isa = PBXFileReference; explicitFileType = wrapper.cfbundle; includeInIndex = 0; path = AlopeciaAreaMeterUITests.xctest; sourceTree = BUILT_PRODUCTS_DIR; };
		5F99780E2BA560860085309B /* AlopeciaAreaMeterUITests.swift */ = {isa = PBXFileReference; lastKnownFileType = sourcecode.swift; path = AlopeciaAreaMeterUITests.swift; sourceTree = "<group>"; };
		5F9978102BA560860085309B /* AlopeciaAreaMeterUITestsLaunchTests.swift */ = {isa = PBXFileReference; lastKnownFileType = sourcecode.swift; path = AlopeciaAreaMeterUITestsLaunchTests.swift; sourceTree = "<group>"; };
		5F9978232BA6F7ED0085309B /* Utilities.swift */ = {isa = PBXFileReference; lastKnownFileType = sourcecode.swift; path = Utilities.swift; sourceTree = "<group>"; };
		5F9978382BA71CB00085309B /* SF Pro Text */ = {isa = PBXFileReference; lastKnownFileType = folder; path = "SF Pro Text"; sourceTree = "<group>"; };
		5F99783C2BA720300085309B /* AuthTextViewCell.swift */ = {isa = PBXFileReference; lastKnownFileType = sourcecode.swift; path = AuthTextViewCell.swift; sourceTree = "<group>"; };
		5F99783D2BA720300085309B /* AuthTextViewCell.xib */ = {isa = PBXFileReference; lastKnownFileType = file.xib; path = AuthTextViewCell.xib; sourceTree = "<group>"; };
		5F9978452BA8195D0085309B /* AuthHeaderViewCell.swift */ = {isa = PBXFileReference; lastKnownFileType = sourcecode.swift; path = AuthHeaderViewCell.swift; sourceTree = "<group>"; };
		5F9978462BA8195D0085309B /* AuthHeaderViewCell.xib */ = {isa = PBXFileReference; lastKnownFileType = file.xib; path = AuthHeaderViewCell.xib; sourceTree = "<group>"; };
		5F9978522BA824D20085309B /* Observable.swift */ = {isa = PBXFileReference; lastKnownFileType = sourcecode.swift; path = Observable.swift; sourceTree = "<group>"; };
		5FA27D902BAF5E4100C459C1 /* UiImageExtension.swift */ = {isa = PBXFileReference; fileEncoding = 4; lastKnownFileType = sourcecode.swift; path = UiImageExtension.swift; sourceTree = "<group>"; };
		5FA27D922BAF5E4F00C459C1 /* CameraVC.swift */ = {isa = PBXFileReference; fileEncoding = 4; lastKnownFileType = sourcecode.swift; path = CameraVC.swift; sourceTree = "<group>"; };
		5FB594022BAF5BE6009D59FB /* PatientHomeVC.swift */ = {isa = PBXFileReference; lastKnownFileType = sourcecode.swift; path = PatientHomeVC.swift; sourceTree = "<group>"; };
		5FDF5F572BB03C7B00AA665D /* SideMenuHeaderViewCell.swift */ = {isa = PBXFileReference; lastKnownFileType = sourcecode.swift; path = SideMenuHeaderViewCell.swift; sourceTree = "<group>"; };
		5FDF5F582BB03C7B00AA665D /* SideMenuHeaderViewCell.xib */ = {isa = PBXFileReference; lastKnownFileType = file.xib; path = SideMenuHeaderViewCell.xib; sourceTree = "<group>"; };
		5FDF5F5B2BB03DFF00AA665D /* SideMenuListViewCell.swift */ = {isa = PBXFileReference; lastKnownFileType = sourcecode.swift; path = SideMenuListViewCell.swift; sourceTree = "<group>"; };
		5FDF5F5C2BB03DFF00AA665D /* SideMenuListViewCell.xib */ = {isa = PBXFileReference; lastKnownFileType = file.xib; path = SideMenuListViewCell.xib; sourceTree = "<group>"; };
		5FDF5F642BB040D000AA665D /* SideMenuVC.swift */ = {isa = PBXFileReference; lastKnownFileType = sourcecode.swift; path = SideMenuVC.swift; sourceTree = "<group>"; };
		5FDF5F682BB08D1100AA665D /* SideMenuPresentationController.swift */ = {isa = PBXFileReference; lastKnownFileType = sourcecode.swift; path = SideMenuPresentationController.swift; sourceTree = "<group>"; };
		5FDF5F6C2BB08D6B00AA665D /* SlideInPresentationAnimator.swift */ = {isa = PBXFileReference; lastKnownFileType = sourcecode.swift; path = SlideInPresentationAnimator.swift; sourceTree = "<group>"; };
		85E0A53A2BB28210005BDA7C /* sf-pro-display-cufonfonts */ = {isa = PBXFileReference; lastKnownFileType = folder; path = "sf-pro-display-cufonfonts"; sourceTree = "<group>"; };
		85E0A53C2BB28E9C005BDA7C /* Records.storyboard */ = {isa = PBXFileReference; lastKnownFileType = file.storyboard; path = Records.storyboard; sourceTree = "<group>"; };
		85E0A5402BB28ED4005BDA7C /* NavBarView.xib */ = {isa = PBXFileReference; lastKnownFileType = file.xib; path = NavBarView.xib; sourceTree = "<group>"; };
		85E0A5442BB290C2005BDA7C /* NavBarView.swift */ = {isa = PBXFileReference; lastKnownFileType = sourcecode.swift; path = NavBarView.swift; sourceTree = "<group>"; };
		85E0A5492BB291B5005BDA7C /* RecordsVC.swift */ = {isa = PBXFileReference; lastKnownFileType = sourcecode.swift; path = RecordsVC.swift; sourceTree = "<group>"; };
		85E0A54D2BB29B65005BDA7C /* GraphViewCell.swift */ = {isa = PBXFileReference; lastKnownFileType = sourcecode.swift; path = GraphViewCell.swift; sourceTree = "<group>"; };
		85E0A54E2BB29B65005BDA7C /* GraphViewCell.xib */ = {isa = PBXFileReference; lastKnownFileType = file.xib; path = GraphViewCell.xib; sourceTree = "<group>"; };
		9EF794D820FFE1F08247AB50 /* Pods-AlopeciaAreaMeter.release.xcconfig */ = {isa = PBXFileReference; includeInIndex = 1; lastKnownFileType = text.xcconfig; name = "Pods-AlopeciaAreaMeter.release.xcconfig"; path = "Target Support Files/Pods-AlopeciaAreaMeter/Pods-AlopeciaAreaMeter.release.xcconfig"; sourceTree = "<group>"; };
		B72ECCAACB1729374ADD6AA5 /* Pods_AlopeciaAreaMeter.framework */ = {isa = PBXFileReference; explicitFileType = wrapper.framework; includeInIndex = 0; path = Pods_AlopeciaAreaMeter.framework; sourceTree = BUILT_PRODUCTS_DIR; };
		CB09CDCC78806848B536848F /* Pods-AlopeciaAreaMeterTests.debug.xcconfig */ = {isa = PBXFileReference; includeInIndex = 1; lastKnownFileType = text.xcconfig; name = "Pods-AlopeciaAreaMeterTests.debug.xcconfig"; path = "Target Support Files/Pods-AlopeciaAreaMeterTests/Pods-AlopeciaAreaMeterTests.debug.xcconfig"; sourceTree = "<group>"; };
		D6E9F442AA7D8005E8267E13 /* Pods-AlopeciaAreaMeter-AlopeciaAreaMeterUITests.release.xcconfig */ = {isa = PBXFileReference; includeInIndex = 1; lastKnownFileType = text.xcconfig; name = "Pods-AlopeciaAreaMeter-AlopeciaAreaMeterUITests.release.xcconfig"; path = "Target Support Files/Pods-AlopeciaAreaMeter-AlopeciaAreaMeterUITests/Pods-AlopeciaAreaMeter-AlopeciaAreaMeterUITests.release.xcconfig"; sourceTree = "<group>"; };
		E789879901430F0D285FD9A6 /* Pods-AlopeciaAreaMeter.debug.xcconfig */ = {isa = PBXFileReference; includeInIndex = 1; lastKnownFileType = text.xcconfig; name = "Pods-AlopeciaAreaMeter.debug.xcconfig"; path = "Target Support Files/Pods-AlopeciaAreaMeter/Pods-AlopeciaAreaMeter.debug.xcconfig"; sourceTree = "<group>"; };
		EA471DB6F60E2D69F0BC34DD /* Pods-AlopeciaAreaMeter-AlopeciaAreaMeterUITests.debug.xcconfig */ = {isa = PBXFileReference; includeInIndex = 1; lastKnownFileType = text.xcconfig; name = "Pods-AlopeciaAreaMeter-AlopeciaAreaMeterUITests.debug.xcconfig"; path = "Target Support Files/Pods-AlopeciaAreaMeter-AlopeciaAreaMeterUITests/Pods-AlopeciaAreaMeter-AlopeciaAreaMeterUITests.debug.xcconfig"; sourceTree = "<group>"; };
		EAA6AAC740992BB894059524 /* Pods_AlopeciaAreaMeterTests.framework */ = {isa = PBXFileReference; explicitFileType = wrapper.framework; includeInIndex = 0; path = Pods_AlopeciaAreaMeterTests.framework; sourceTree = BUILT_PRODUCTS_DIR; };
/* End PBXFileReference section */

/* Begin PBXFrameworksBuildPhase section */
		5F9977E42BA560840085309B /* Frameworks */ = {
			isa = PBXFrameworksBuildPhase;
			buildActionMask = 2147483647;
			files = (
				7D2BF95808C1F799D162AB78 /* Pods_AlopeciaAreaMeter.framework in Frameworks */,
			);
			runOnlyForDeploymentPostprocessing = 0;
		};
		5F9977FD2BA560860085309B /* Frameworks */ = {
			isa = PBXFrameworksBuildPhase;
			buildActionMask = 2147483647;
			files = (
				5B2538A9262A9399C7D4338C /* Pods_AlopeciaAreaMeterTests.framework in Frameworks */,
			);
			runOnlyForDeploymentPostprocessing = 0;
		};
		5F9978072BA560860085309B /* Frameworks */ = {
			isa = PBXFrameworksBuildPhase;
			buildActionMask = 2147483647;
			files = (
				A37D9F8936A738FD8745442E /* Pods_AlopeciaAreaMeter_AlopeciaAreaMeterUITests.framework in Frameworks */,
			);
			runOnlyForDeploymentPostprocessing = 0;
		};
/* End PBXFrameworksBuildPhase section */

/* Begin PBXGroup section */
		55EBFE6FEA0FBA0F9D70DEF5 /* Pods */ = {
			isa = PBXGroup;
			children = (
				E789879901430F0D285FD9A6 /* Pods-AlopeciaAreaMeter.debug.xcconfig */,
				9EF794D820FFE1F08247AB50 /* Pods-AlopeciaAreaMeter.release.xcconfig */,
				EA471DB6F60E2D69F0BC34DD /* Pods-AlopeciaAreaMeter-AlopeciaAreaMeterUITests.debug.xcconfig */,
				D6E9F442AA7D8005E8267E13 /* Pods-AlopeciaAreaMeter-AlopeciaAreaMeterUITests.release.xcconfig */,
				CB09CDCC78806848B536848F /* Pods-AlopeciaAreaMeterTests.debug.xcconfig */,
				2C7658E14B61D33F8258909B /* Pods-AlopeciaAreaMeterTests.release.xcconfig */,
			);
			path = Pods;
			sourceTree = "<group>";
		};
		5F0D0B302BB26A180074DD07 /* Camera */ = {
			isa = PBXGroup;
			children = (
				5F0D0B312BB26A300074DD07 /* DrawingView.swift */,
				5FA27D922BAF5E4F00C459C1 /* CameraVC.swift */,
				5F0D0B332BB26A470074DD07 /* PhotoVC.swift */,
			);
			path = Camera;
			sourceTree = "<group>";
		};
		5F0D0B352BB26D420074DD07 /* HomeView */ = {
			isa = PBXGroup;
			children = (
				5F7113FF2BAA532D0006C667 /* HomePatientListViewCell.swift */,
				5F7114002BAA532D0006C667 /* HomePatientListViewCell.xib */,
			);
			path = HomeView;
			sourceTree = "<group>";
		};
		5F0D0B362BB26D820074DD07 /* PatientRecord */ = {
			isa = PBXGroup;
			children = (
				5F7114072BAA56E50006C667 /* RecordViewCell.swift */,
				5F7114082BAA56E50006C667 /* RecordViewCell.xib */,
				85E0A54D2BB29B65005BDA7C /* GraphViewCell.swift */,
				85E0A54E2BB29B65005BDA7C /* GraphViewCell.xib */,
			);
			path = PatientRecord;
			sourceTree = "<group>";
		};
		5F0D0B472BB342210074DD07 /* Auth */ = {
			isa = PBXGroup;
			children = (
				5F0D0B432BB3420C0074DD07 /* LoginVC.swift */,
				5F0D0B442BB3420C0074DD07 /* SignUpVC.swift */,
			);
			path = Auth;
			sourceTree = "<group>";
		};
		5F7113FD2BAA52A20006C667 /* Home */ = {
			isa = PBXGroup;
			children = (
				5F0D0B362BB26D820074DD07 /* PatientRecord */,
				5F0D0B352BB26D420074DD07 /* HomeView */,
				5FDF5F562BB03C5800AA665D /* SideMenu */,
			);
			path = Home;
			sourceTree = "<group>";
		};
		5F71140F2BAA5B850006C667 /* CustomAlerts */ = {
			isa = PBXGroup;
			children = (
			);
			path = CustomAlerts;
			sourceTree = "<group>";
		};
		5F7114182BAA6A9B0006C667 /* Enums */ = {
			isa = PBXGroup;
			children = (
			);
			path = Enums;
			sourceTree = "<group>";
		};
		5F7114212BAED2360006C667 /* Constants */ = {
			isa = PBXGroup;
			children = (
				5F7114192BAA6AC20006C667 /* StoryboardConstants.swift */,
				5F71141D2BAEC63F0006C667 /* AppConstants.swift */,
				5F7114222BAEDD570006C667 /* IconConstants.swift */,
				5F7114262BAEE4650006C667 /* ColorConstants.swift */,
			);
			path = Constants;
			sourceTree = "<group>";
		};
		5F71142A2BAEE7290006C667 /* Extensions */ = {
			isa = PBXGroup;
			children = (
				5FA27D902BAF5E4100C459C1 /* UiImageExtension.swift */,
				5F71142B2BAEE79A0006C667 /* UiColorExtension.swift */,
			);
			path = Extensions;
			sourceTree = "<group>";
		};
		5F9977DE2BA560840085309B = {
			isa = PBXGroup;
			children = (
				5F9977E92BA560840085309B /* AlopeciaAreaMeter */,
				5F9978032BA560860085309B /* AlopeciaAreaMeterTests */,
				5F99780D2BA560860085309B /* AlopeciaAreaMeterUITests */,
				5F9977E82BA560840085309B /* Products */,
				55EBFE6FEA0FBA0F9D70DEF5 /* Pods */,
				7D7B3EDE08934EDD961DE7D2 /* Frameworks */,
			);
			sourceTree = "<group>";
		};
		5F9977E82BA560840085309B /* Products */ = {
			isa = PBXGroup;
			children = (
				5F9977E72BA560840085309B /* AlopeciaAreaMeter.app */,
				5F9978002BA560860085309B /* AlopeciaAreaMeterTests.xctest */,
				5F99780A2BA560860085309B /* AlopeciaAreaMeterUITests.xctest */,
			);
			name = Products;
			sourceTree = "<group>";
		};
		5F9977E92BA560840085309B /* AlopeciaAreaMeter */ = {
			isa = PBXGroup;
			children = (
				5F9978512BA824BE0085309B /* Utils */,
				5F9978362BA71C3C0085309B /* Resources */,
				5F9978222BA6F7350085309B /* Views */,
				5F9978212BA6F6FF0085309B /* ViewModels */,
				5F9978202BA6F6CD0085309B /* ApiService */,
				5F99781F2BA6F6990085309B /* Controllers  */,
				5F99781E2BA643CF0085309B /* Helper */,
				5F99781D2BA560C50085309B /* Application */,
				5F9977F82BA560860085309B /* LaunchScreen.storyboard */,
				5F9977FB2BA560860085309B /* Info.plist */,
				5F9977F32BA560840085309B /* AlopeciaAreaMeter.xcdatamodeld */,
			);
			path = AlopeciaAreaMeter;
			sourceTree = "<group>";
		};
		5F9978032BA560860085309B /* AlopeciaAreaMeterTests */ = {
			isa = PBXGroup;
			children = (
				5F9978042BA560860085309B /* AlopeciaAreaMeterTests.swift */,
			);
			path = AlopeciaAreaMeterTests;
			sourceTree = "<group>";
		};
		5F99780D2BA560860085309B /* AlopeciaAreaMeterUITests */ = {
			isa = PBXGroup;
			children = (
				5F99780E2BA560860085309B /* AlopeciaAreaMeterUITests.swift */,
				5F9978102BA560860085309B /* AlopeciaAreaMeterUITestsLaunchTests.swift */,
			);
			path = AlopeciaAreaMeterUITests;
			sourceTree = "<group>";
		};
		5F99781D2BA560C50085309B /* Application */ = {
			isa = PBXGroup;
			children = (
				5F9977EA2BA560840085309B /* AppDelegate.swift */,
				5F9977EC2BA560840085309B /* SceneDelegate.swift */,
			);
			path = Application;
			sourceTree = "<group>";
		};
		5F99781E2BA643CF0085309B /* Helper */ = {
			isa = PBXGroup;
			children = (
				5F9978232BA6F7ED0085309B /* Utilities.swift */,
				5F7113C82BA8520D0006C667 /* UiViewControllerExtension.swift */,
			);
			path = Helper;
			sourceTree = "<group>";
		};
		5F99781F2BA6F6990085309B /* Controllers  */ = {
			isa = PBXGroup;
			children = (
				5F0D0B472BB342210074DD07 /* Auth */,
				85E0A5482BB29197005BDA7C /* Records */,
				5F0D0B302BB26A180074DD07 /* Camera */,
				5FDF5F632BB040A700AA665D /* PatientHome */,
				5F9977EE2BA560840085309B /* ViewController.swift */,
			);
			path = "Controllers ";
			sourceTree = "<group>";
		};
		5F9978202BA6F6CD0085309B /* ApiService */ = {
			isa = PBXGroup;
			children = (
			);
			path = ApiService;
			sourceTree = "<group>";
		};
		5F9978212BA6F6FF0085309B /* ViewModels */ = {
			isa = PBXGroup;
			children = (
				5F7113F02BAA3D940006C667 /* LoginViewModel.swift */,
				5F7113EC2BAA3D860006C667 /* BaseViewModel.swift */,
				5F7113E62BAA3BBF0006C667 /* LoginVM.swift */,
				5F7113E82BAA3C030006C667 /* SignUpVM.swift */,
			);
			path = ViewModels;
			sourceTree = "<group>";
		};
		5F9978222BA6F7350085309B /* Views */ = {
			isa = PBXGroup;
			children = (
				5F71140F2BAA5B850006C667 /* CustomAlerts */,
				5F99782D2BA719090085309B /* Common */,
				5F99782C2BA718F50085309B /* Auth */,
				5F7113FD2BAA52A20006C667 /* Home */,
				5F99782B2BA7180B0085309B /* Storyboards */,
			);
			path = Views;
			sourceTree = "<group>";
		};
		5F99782B2BA7180B0085309B /* Storyboards */ = {
			isa = PBXGroup;
			children = (
				5F9977F02BA560840085309B /* Main.storyboard */,
				5F0D0B3B2BB341A60074DD07 /* Auth.storyboard */,
				5F7113F92BAA4F1B0006C667 /* Patient.storyboard */,
				5F7114102BAA5C550006C667 /* CustomAlerts.storyboard */,
				85E0A53C2BB28E9C005BDA7C /* Records.storyboard */,
			);
			path = Storyboards;
			sourceTree = "<group>";
		};
		5F99782C2BA718F50085309B /* Auth */ = {
			isa = PBXGroup;
			children = (
				5F9978442BA720360085309B /* Cells */,
			);
			path = Auth;
			sourceTree = "<group>";
		};
		5F99782D2BA719090085309B /* Common */ = {
			isa = PBXGroup;
			children = (
				85E0A5402BB28ED4005BDA7C /* NavBarView.xib */,
				85E0A5442BB290C2005BDA7C /* NavBarView.swift */,
			);
			path = Common;
			sourceTree = "<group>";
		};
		5F9978362BA71C3C0085309B /* Resources */ = {
			isa = PBXGroup;
			children = (
				5F9978372BA71C5B0085309B /* Fonts */,
				5F9977F62BA560850085309B /* Assets.xcassets */,
			);
			path = Resources;
			sourceTree = "<group>";
		};
		5F9978372BA71C5B0085309B /* Fonts */ = {
			isa = PBXGroup;
			children = (
				85E0A53A2BB28210005BDA7C /* sf-pro-display-cufonfonts */,
				5F9978382BA71CB00085309B /* SF Pro Text */,
			);
			path = Fonts;
			sourceTree = "<group>";
		};
		5F9978442BA720360085309B /* Cells */ = {
			isa = PBXGroup;
			children = (
				5F0D0B3E2BB341D00074DD07 /* AuthBtnsViewCell.swift */,
				5F0D0B3D2BB341CF0074DD07 /* AuthBtnsViewCell.xib */,
				5F99783C2BA720300085309B /* AuthTextViewCell.swift */,
				5F99783D2BA720300085309B /* AuthTextViewCell.xib */,
				5F9978452BA8195D0085309B /* AuthHeaderViewCell.swift */,
				5F9978462BA8195D0085309B /* AuthHeaderViewCell.xib */,
			);
			path = Cells;
			sourceTree = "<group>";
		};
		5F9978512BA824BE0085309B /* Utils */ = {
			isa = PBXGroup;
			children = (
				5F71142A2BAEE7290006C667 /* Extensions */,
				5F7114212BAED2360006C667 /* Constants */,
				5F7114182BAA6A9B0006C667 /* Enums */,
				5F9978522BA824D20085309B /* Observable.swift */,
			);
			path = Utils;
			sourceTree = "<group>";
		};
		5FDF5F562BB03C5800AA665D /* SideMenu */ = {
			isa = PBXGroup;
			children = (
				5FDF5F572BB03C7B00AA665D /* SideMenuHeaderViewCell.swift */,
				5FDF5F582BB03C7B00AA665D /* SideMenuHeaderViewCell.xib */,
				5FDF5F5B2BB03DFF00AA665D /* SideMenuListViewCell.swift */,
				5FDF5F5C2BB03DFF00AA665D /* SideMenuListViewCell.xib */,
			);
			path = SideMenu;
			sourceTree = "<group>";
		};
		5FDF5F632BB040A700AA665D /* PatientHome */ = {
			isa = PBXGroup;
			children = (
				5FDF5F682BB08D1100AA665D /* SideMenuPresentationController.swift */,
				5FB594022BAF5BE6009D59FB /* PatientHomeVC.swift */,
				5FDF5F642BB040D000AA665D /* SideMenuVC.swift */,
				5FDF5F6C2BB08D6B00AA665D /* SlideInPresentationAnimator.swift */,
			);
			path = PatientHome;
			sourceTree = "<group>";
		};
		7D7B3EDE08934EDD961DE7D2 /* Frameworks */ = {
			isa = PBXGroup;
			children = (
				B72ECCAACB1729374ADD6AA5 /* Pods_AlopeciaAreaMeter.framework */,
				0EF2FF10F89D568DC3BAB6AA /* Pods_AlopeciaAreaMeter_AlopeciaAreaMeterUITests.framework */,
				EAA6AAC740992BB894059524 /* Pods_AlopeciaAreaMeterTests.framework */,
			);
			name = Frameworks;
			sourceTree = "<group>";
		};
		85E0A5482BB29197005BDA7C /* Records */ = {
			isa = PBXGroup;
			children = (
				85E0A5492BB291B5005BDA7C /* RecordsVC.swift */,
			);
			path = Records;
			sourceTree = "<group>";
		};
/* End PBXGroup section */

/* Begin PBXNativeTarget section */
		5F9977E62BA560840085309B /* AlopeciaAreaMeter */ = {
			isa = PBXNativeTarget;
			buildConfigurationList = 5F9978142BA560860085309B /* Build configuration list for PBXNativeTarget "AlopeciaAreaMeter" */;
			buildPhases = (
				771215D32D87BB47699DB74D /* [CP] Check Pods Manifest.lock */,
				5F9977E32BA560840085309B /* Sources */,
				5F9977E42BA560840085309B /* Frameworks */,
				5F9977E52BA560840085309B /* Resources */,
				A8C635A7A1971FDFE8C630E7 /* [CP] Embed Pods Frameworks */,
			);
			buildRules = (
			);
			dependencies = (
			);
			name = AlopeciaAreaMeter;
			productName = AlopeciaAreaMeter;
			productReference = 5F9977E72BA560840085309B /* AlopeciaAreaMeter.app */;
			productType = "com.apple.product-type.application";
		};
		5F9977FF2BA560860085309B /* AlopeciaAreaMeterTests */ = {
			isa = PBXNativeTarget;
			buildConfigurationList = 5F9978172BA560860085309B /* Build configuration list for PBXNativeTarget "AlopeciaAreaMeterTests" */;
			buildPhases = (
				845FDA828BF687AADC88C58E /* [CP] Check Pods Manifest.lock */,
				5F9977FC2BA560860085309B /* Sources */,
				5F9977FD2BA560860085309B /* Frameworks */,
				5F9977FE2BA560860085309B /* Resources */,
			);
			buildRules = (
			);
			dependencies = (
				5F9978022BA560860085309B /* PBXTargetDependency */,
			);
			name = AlopeciaAreaMeterTests;
			productName = AlopeciaAreaMeterTests;
			productReference = 5F9978002BA560860085309B /* AlopeciaAreaMeterTests.xctest */;
			productType = "com.apple.product-type.bundle.unit-test";
		};
		5F9978092BA560860085309B /* AlopeciaAreaMeterUITests */ = {
			isa = PBXNativeTarget;
			buildConfigurationList = 5F99781A2BA560860085309B /* Build configuration list for PBXNativeTarget "AlopeciaAreaMeterUITests" */;
			buildPhases = (
				4380EBE6CB9D83B626B0FFAC /* [CP] Check Pods Manifest.lock */,
				5F9978062BA560860085309B /* Sources */,
				5F9978072BA560860085309B /* Frameworks */,
				5F9978082BA560860085309B /* Resources */,
				4977E5310DC2B589272AF40D /* [CP] Embed Pods Frameworks */,
			);
			buildRules = (
			);
			dependencies = (
				5F99780C2BA560860085309B /* PBXTargetDependency */,
			);
			name = AlopeciaAreaMeterUITests;
			productName = AlopeciaAreaMeterUITests;
			productReference = 5F99780A2BA560860085309B /* AlopeciaAreaMeterUITests.xctest */;
			productType = "com.apple.product-type.bundle.ui-testing";
		};
/* End PBXNativeTarget section */

/* Begin PBXProject section */
		5F9977DF2BA560840085309B /* Project object */ = {
			isa = PBXProject;
			attributes = {
				BuildIndependentTargetsInParallel = 1;
				LastSwiftUpdateCheck = 1410;
				LastUpgradeCheck = 1410;
				TargetAttributes = {
					5F9977E62BA560840085309B = {
						CreatedOnToolsVersion = 14.1;
					};
					5F9977FF2BA560860085309B = {
						CreatedOnToolsVersion = 14.1;
						TestTargetID = 5F9977E62BA560840085309B;
					};
					5F9978092BA560860085309B = {
						CreatedOnToolsVersion = 14.1;
						TestTargetID = 5F9977E62BA560840085309B;
					};
				};
			};
			buildConfigurationList = 5F9977E22BA560840085309B /* Build configuration list for PBXProject "AlopeciaAreaMeter" */;
			compatibilityVersion = "Xcode 14.0";
			developmentRegion = en;
			hasScannedForEncodings = 0;
			knownRegions = (
				en,
				Base,
			);
			mainGroup = 5F9977DE2BA560840085309B;
			productRefGroup = 5F9977E82BA560840085309B /* Products */;
			projectDirPath = "";
			projectRoot = "";
			targets = (
				5F9977E62BA560840085309B /* AlopeciaAreaMeter */,
				5F9977FF2BA560860085309B /* AlopeciaAreaMeterTests */,
				5F9978092BA560860085309B /* AlopeciaAreaMeterUITests */,
			);
		};
/* End PBXProject section */

/* Begin PBXResourcesBuildPhase section */
		5F9977E52BA560840085309B /* Resources */ = {
			isa = PBXResourcesBuildPhase;
			buildActionMask = 2147483647;
			files = (
				5F0D0B3C2BB341A60074DD07 /* Auth.storyboard in Resources */,
				5F9978412BA720300085309B /* AuthTextViewCell.xib in Resources */,
				85E0A5522BB29B65005BDA7C /* GraphViewCell.xib in Resources */,
				5F7114042BAA532D0006C667 /* HomePatientListViewCell.xib in Resources */,
				5FDF5F602BB03DFF00AA665D /* SideMenuListViewCell.xib in Resources */,
				5F7114112BAA5C550006C667 /* CustomAlerts.storyboard in Resources */,
				5FDF5F5A2BB03C7B00AA665D /* SideMenuHeaderViewCell.xib in Resources */,
				85E0A53B2BB28210005BDA7C /* sf-pro-display-cufonfonts in Resources */,
				5F7113FA2BAA4F1B0006C667 /* Patient.storyboard in Resources */,
				5F9977FA2BA560860085309B /* LaunchScreen.storyboard in Resources */,
				5F9977F72BA560850085309B /* Assets.xcassets in Resources */,
				85E0A5412BB28ED4005BDA7C /* NavBarView.xib in Resources */,
				5F71140C2BAA56E50006C667 /* RecordViewCell.xib in Resources */,
				85E0A53D2BB28E9C005BDA7C /* Records.storyboard in Resources */,
				5F99784A2BA8195D0085309B /* AuthHeaderViewCell.xib in Resources */,
				5F9978392BA71CB00085309B /* SF Pro Text in Resources */,
				5F9977F22BA560840085309B /* Main.storyboard in Resources */,
				5F0D0B3F2BB341D00074DD07 /* AuthBtnsViewCell.xib in Resources */,
			);
			runOnlyForDeploymentPostprocessing = 0;
		};
		5F9977FE2BA560860085309B /* Resources */ = {
			isa = PBXResourcesBuildPhase;
			buildActionMask = 2147483647;
			files = (
				85E0A5422BB28ED4005BDA7C /* NavBarView.xib in Resources */,
				5F7113FB2BAA4F1B0006C667 /* Patient.storyboard in Resources */,
				5F7114052BAA532D0006C667 /* HomePatientListViewCell.xib in Resources */,
				5FDF5F612BB03DFF00AA665D /* SideMenuListViewCell.xib in Resources */,
				85E0A5532BB29B65005BDA7C /* GraphViewCell.xib in Resources */,
				5F99784B2BA8195D0085309B /* AuthHeaderViewCell.xib in Resources */,
				85E0A53E2BB28E9C005BDA7C /* Records.storyboard in Resources */,
				5F7114122BAA5C550006C667 /* CustomAlerts.storyboard in Resources */,
				5F71140D2BAA56E50006C667 /* RecordViewCell.xib in Resources */,
				5F99783A2BA71CB00085309B /* SF Pro Text in Resources */,
				5F9978422BA720300085309B /* AuthTextViewCell.xib in Resources */,
			);
			runOnlyForDeploymentPostprocessing = 0;
		};
		5F9978082BA560860085309B /* Resources */ = {
			isa = PBXResourcesBuildPhase;
			buildActionMask = 2147483647;
			files = (
				85E0A5432BB28ED4005BDA7C /* NavBarView.xib in Resources */,
				5F7113FC2BAA4F1B0006C667 /* Patient.storyboard in Resources */,
				5F7114062BAA532D0006C667 /* HomePatientListViewCell.xib in Resources */,
				5FDF5F622BB03DFF00AA665D /* SideMenuListViewCell.xib in Resources */,
				85E0A5542BB29B65005BDA7C /* GraphViewCell.xib in Resources */,
				5F99784C2BA8195D0085309B /* AuthHeaderViewCell.xib in Resources */,
				85E0A53F2BB28E9C005BDA7C /* Records.storyboard in Resources */,
				5F7114132BAA5C550006C667 /* CustomAlerts.storyboard in Resources */,
				5F71140E2BAA56E50006C667 /* RecordViewCell.xib in Resources */,
				5F99783B2BA71CB00085309B /* SF Pro Text in Resources */,
				5F9978432BA720300085309B /* AuthTextViewCell.xib in Resources */,
			);
			runOnlyForDeploymentPostprocessing = 0;
		};
/* End PBXResourcesBuildPhase section */

/* Begin PBXShellScriptBuildPhase section */
		4380EBE6CB9D83B626B0FFAC /* [CP] Check Pods Manifest.lock */ = {
			isa = PBXShellScriptBuildPhase;
			buildActionMask = 2147483647;
			files = (
			);
			inputFileListPaths = (
			);
			inputPaths = (
				"${PODS_PODFILE_DIR_PATH}/Podfile.lock",
				"${PODS_ROOT}/Manifest.lock",
			);
			name = "[CP] Check Pods Manifest.lock";
			outputFileListPaths = (
			);
			outputPaths = (
				"$(DERIVED_FILE_DIR)/Pods-AlopeciaAreaMeter-AlopeciaAreaMeterUITests-checkManifestLockResult.txt",
			);
			runOnlyForDeploymentPostprocessing = 0;
			shellPath = /bin/sh;
			shellScript = "diff \"${PODS_PODFILE_DIR_PATH}/Podfile.lock\" \"${PODS_ROOT}/Manifest.lock\" > /dev/null\nif [ $? != 0 ] ; then\n    # print error to STDERR\n    echo \"error: The sandbox is not in sync with the Podfile.lock. Run 'pod install' or update your CocoaPods installation.\" >&2\n    exit 1\nfi\n# This output is used by Xcode 'outputs' to avoid re-running this script phase.\necho \"SUCCESS\" > \"${SCRIPT_OUTPUT_FILE_0}\"\n";
			showEnvVarsInLog = 0;
		};
		4977E5310DC2B589272AF40D /* [CP] Embed Pods Frameworks */ = {
			isa = PBXShellScriptBuildPhase;
			buildActionMask = 2147483647;
			files = (
			);
			inputFileListPaths = (
				"${PODS_ROOT}/Target Support Files/Pods-AlopeciaAreaMeter-AlopeciaAreaMeterUITests/Pods-AlopeciaAreaMeter-AlopeciaAreaMeterUITests-frameworks-${CONFIGURATION}-input-files.xcfilelist",
			);
			name = "[CP] Embed Pods Frameworks";
			outputFileListPaths = (
				"${PODS_ROOT}/Target Support Files/Pods-AlopeciaAreaMeter-AlopeciaAreaMeterUITests/Pods-AlopeciaAreaMeter-AlopeciaAreaMeterUITests-frameworks-${CONFIGURATION}-output-files.xcfilelist",
			);
			runOnlyForDeploymentPostprocessing = 0;
			shellPath = /bin/sh;
			shellScript = "\"${PODS_ROOT}/Target Support Files/Pods-AlopeciaAreaMeter-AlopeciaAreaMeterUITests/Pods-AlopeciaAreaMeter-AlopeciaAreaMeterUITests-frameworks.sh\"\n";
			showEnvVarsInLog = 0;
		};
		771215D32D87BB47699DB74D /* [CP] Check Pods Manifest.lock */ = {
			isa = PBXShellScriptBuildPhase;
			buildActionMask = 2147483647;
			files = (
			);
			inputFileListPaths = (
			);
			inputPaths = (
				"${PODS_PODFILE_DIR_PATH}/Podfile.lock",
				"${PODS_ROOT}/Manifest.lock",
			);
			name = "[CP] Check Pods Manifest.lock";
			outputFileListPaths = (
			);
			outputPaths = (
				"$(DERIVED_FILE_DIR)/Pods-AlopeciaAreaMeter-checkManifestLockResult.txt",
			);
			runOnlyForDeploymentPostprocessing = 0;
			shellPath = /bin/sh;
			shellScript = "diff \"${PODS_PODFILE_DIR_PATH}/Podfile.lock\" \"${PODS_ROOT}/Manifest.lock\" > /dev/null\nif [ $? != 0 ] ; then\n    # print error to STDERR\n    echo \"error: The sandbox is not in sync with the Podfile.lock. Run 'pod install' or update your CocoaPods installation.\" >&2\n    exit 1\nfi\n# This output is used by Xcode 'outputs' to avoid re-running this script phase.\necho \"SUCCESS\" > \"${SCRIPT_OUTPUT_FILE_0}\"\n";
			showEnvVarsInLog = 0;
		};
		845FDA828BF687AADC88C58E /* [CP] Check Pods Manifest.lock */ = {
			isa = PBXShellScriptBuildPhase;
			buildActionMask = 2147483647;
			files = (
			);
			inputFileListPaths = (
			);
			inputPaths = (
				"${PODS_PODFILE_DIR_PATH}/Podfile.lock",
				"${PODS_ROOT}/Manifest.lock",
			);
			name = "[CP] Check Pods Manifest.lock";
			outputFileListPaths = (
			);
			outputPaths = (
				"$(DERIVED_FILE_DIR)/Pods-AlopeciaAreaMeterTests-checkManifestLockResult.txt",
			);
			runOnlyForDeploymentPostprocessing = 0;
			shellPath = /bin/sh;
			shellScript = "diff \"${PODS_PODFILE_DIR_PATH}/Podfile.lock\" \"${PODS_ROOT}/Manifest.lock\" > /dev/null\nif [ $? != 0 ] ; then\n    # print error to STDERR\n    echo \"error: The sandbox is not in sync with the Podfile.lock. Run 'pod install' or update your CocoaPods installation.\" >&2\n    exit 1\nfi\n# This output is used by Xcode 'outputs' to avoid re-running this script phase.\necho \"SUCCESS\" > \"${SCRIPT_OUTPUT_FILE_0}\"\n";
			showEnvVarsInLog = 0;
		};
		A8C635A7A1971FDFE8C630E7 /* [CP] Embed Pods Frameworks */ = {
			isa = PBXShellScriptBuildPhase;
			buildActionMask = 2147483647;
			files = (
			);
			inputFileListPaths = (
				"${PODS_ROOT}/Target Support Files/Pods-AlopeciaAreaMeter/Pods-AlopeciaAreaMeter-frameworks-${CONFIGURATION}-input-files.xcfilelist",
			);
			name = "[CP] Embed Pods Frameworks";
			outputFileListPaths = (
				"${PODS_ROOT}/Target Support Files/Pods-AlopeciaAreaMeter/Pods-AlopeciaAreaMeter-frameworks-${CONFIGURATION}-output-files.xcfilelist",
			);
			runOnlyForDeploymentPostprocessing = 0;
			shellPath = /bin/sh;
			shellScript = "\"${PODS_ROOT}/Target Support Files/Pods-AlopeciaAreaMeter/Pods-AlopeciaAreaMeter-frameworks.sh\"\n";
			showEnvVarsInLog = 0;
		};
/* End PBXShellScriptBuildPhase section */

/* Begin PBXSourcesBuildPhase section */
		5F9977E32BA560840085309B /* Sources */ = {
			isa = PBXSourcesBuildPhase;
			buildActionMask = 2147483647;
			files = (
				5F9977EF2BA560840085309B /* ViewController.swift in Sources */,
				5F71141A2BAA6AC20006C667 /* StoryboardConstants.swift in Sources */,
				85E0A5452BB290C2005BDA7C /* NavBarView.swift in Sources */,
				5F7113E72BAA3BBF0006C667 /* LoginVM.swift in Sources */,
				5F9978472BA8195D0085309B /* AuthHeaderViewCell.swift in Sources */,
				5F99783E2BA720300085309B /* AuthTextViewCell.swift in Sources */,
				5FB594032BAF5BE6009D59FB /* PatientHomeVC.swift in Sources */,
				5F71141E2BAEC63F0006C667 /* AppConstants.swift in Sources */,
				5FA27D912BAF5E4100C459C1 /* UiImageExtension.swift in Sources */,
				5F0D0B452BB3420C0074DD07 /* LoginVC.swift in Sources */,
				5F7114012BAA532D0006C667 /* HomePatientListViewCell.swift in Sources */,
				5F0D0B322BB26A300074DD07 /* DrawingView.swift in Sources */,
				5F7114092BAA56E50006C667 /* RecordViewCell.swift in Sources */,
				5F7113F12BAA3D940006C667 /* LoginViewModel.swift in Sources */,
				5FDF5F5D2BB03DFF00AA665D /* SideMenuListViewCell.swift in Sources */,
				5F9977EB2BA560840085309B /* AppDelegate.swift in Sources */,
				5FDF5F652BB040D000AA665D /* SideMenuVC.swift in Sources */,
				5FDF5F592BB03C7B00AA665D /* SideMenuHeaderViewCell.swift in Sources */,
				5F7113E92BAA3C030006C667 /* SignUpVM.swift in Sources */,
				5FDF5F6D2BB08D6B00AA665D /* SlideInPresentationAnimator.swift in Sources */,
				5F71142C2BAEE79A0006C667 /* UiColorExtension.swift in Sources */,
				5F7113C92BA8520D0006C667 /* UiViewControllerExtension.swift in Sources */,
				5F0D0B342BB26A470074DD07 /* PhotoVC.swift in Sources */,
				5F7114272BAEE4650006C667 /* ColorConstants.swift in Sources */,
				5FA27D932BAF5E4F00C459C1 /* CameraVC.swift in Sources */,
				85E0A54F2BB29B65005BDA7C /* GraphViewCell.swift in Sources */,
				5F9978532BA824D20085309B /* Observable.swift in Sources */,
				5F7113ED2BAA3D860006C667 /* BaseViewModel.swift in Sources */,
				5F0D0B462BB3420C0074DD07 /* SignUpVC.swift in Sources */,
				5F0D0B402BB341D00074DD07 /* AuthBtnsViewCell.swift in Sources */,
				5F7114232BAEDD570006C667 /* IconConstants.swift in Sources */,
				5F9977F52BA560840085309B /* AlopeciaAreaMeter.xcdatamodeld in Sources */,
				5F9978242BA6F7ED0085309B /* Utilities.swift in Sources */,
				5F9977ED2BA560840085309B /* SceneDelegate.swift in Sources */,
				5FDF5F692BB08D1100AA665D /* SideMenuPresentationController.swift in Sources */,
				85E0A54A2BB291B5005BDA7C /* RecordsVC.swift in Sources */,
			);
			runOnlyForDeploymentPostprocessing = 0;
		};
		5F9977FC2BA560860085309B /* Sources */ = {
			isa = PBXSourcesBuildPhase;
			buildActionMask = 2147483647;
			files = (
				5F71141F2BAEC63F0006C667 /* AppConstants.swift in Sources */,
				5F9978252BA6F7ED0085309B /* Utilities.swift in Sources */,
				85E0A5502BB29B65005BDA7C /* GraphViewCell.swift in Sources */,
				5FDF5F6A2BB08D1100AA665D /* SideMenuPresentationController.swift in Sources */,
				5F7114282BAEE4650006C667 /* ColorConstants.swift in Sources */,
				5F7114022BAA532D0006C667 /* HomePatientListViewCell.swift in Sources */,
				5FDF5F6E2BB08D6B00AA665D /* SlideInPresentationAnimator.swift in Sources */,
				5F7113EE2BAA3D860006C667 /* BaseViewModel.swift in Sources */,
				85E0A5462BB290C2005BDA7C /* NavBarView.swift in Sources */,
				5F7114242BAEDD570006C667 /* IconConstants.swift in Sources */,
				5FDF5F5E2BB03DFF00AA665D /* SideMenuListViewCell.swift in Sources */,
				5F7113F22BAA3D940006C667 /* LoginViewModel.swift in Sources */,
				5F7113EA2BAA3C030006C667 /* SignUpVM.swift in Sources */,
				5F71140A2BAA56E50006C667 /* RecordViewCell.swift in Sources */,
				5F71141B2BAA6AC20006C667 /* StoryboardConstants.swift in Sources */,
				5F9978482BA8195D0085309B /* AuthHeaderViewCell.swift in Sources */,
				5F9978542BA824D20085309B /* Observable.swift in Sources */,
				5FDF5F662BB040D000AA665D /* SideMenuVC.swift in Sources */,
				5F71142D2BAEE79A0006C667 /* UiColorExtension.swift in Sources */,
				5F7113CA2BA8520D0006C667 /* UiViewControllerExtension.swift in Sources */,
				5F9978052BA560860085309B /* AlopeciaAreaMeterTests.swift in Sources */,
				85E0A54B2BB291B5005BDA7C /* RecordsVC.swift in Sources */,
				5F99783F2BA720300085309B /* AuthTextViewCell.swift in Sources */,
			);
			runOnlyForDeploymentPostprocessing = 0;
		};
		5F9978062BA560860085309B /* Sources */ = {
			isa = PBXSourcesBuildPhase;
			buildActionMask = 2147483647;
			files = (
				5F71142E2BAEE79A0006C667 /* UiColorExtension.swift in Sources */,
				5F71141C2BAA6AC20006C667 /* StoryboardConstants.swift in Sources */,
				5FDF5F672BB040D000AA665D /* SideMenuVC.swift in Sources */,
				5F9978552BA824D20085309B /* Observable.swift in Sources */,
				5F7113EF2BAA3D860006C667 /* BaseViewModel.swift in Sources */,
				5F7114252BAEDD570006C667 /* IconConstants.swift in Sources */,
				5F9978262BA6F7ED0085309B /* Utilities.swift in Sources */,
				5F7113CB2BA8520D0006C667 /* UiViewControllerExtension.swift in Sources */,
				5F71140B2BAA56E50006C667 /* RecordViewCell.swift in Sources */,
				5FDF5F6B2BB08D1100AA665D /* SideMenuPresentationController.swift in Sources */,
				5FDF5F5F2BB03DFF00AA665D /* SideMenuListViewCell.swift in Sources */,
				85E0A5512BB29B65005BDA7C /* GraphViewCell.swift in Sources */,
				5F99780F2BA560860085309B /* AlopeciaAreaMeterUITests.swift in Sources */,
				5F7114032BAA532D0006C667 /* HomePatientListViewCell.swift in Sources */,
				5FDF5F6F2BB08D6B00AA665D /* SlideInPresentationAnimator.swift in Sources */,
				85E0A5472BB290C2005BDA7C /* NavBarView.swift in Sources */,
				5F9978492BA8195D0085309B /* AuthHeaderViewCell.swift in Sources */,
				5F7113F32BAA3D940006C667 /* LoginViewModel.swift in Sources */,
				85E0A54C2BB291B5005BDA7C /* RecordsVC.swift in Sources */,
				5F9978112BA560860085309B /* AlopeciaAreaMeterUITestsLaunchTests.swift in Sources */,
				5F7114202BAEC63F0006C667 /* AppConstants.swift in Sources */,
				5F7114292BAEE4650006C667 /* ColorConstants.swift in Sources */,
				5F7113EB2BAA3C030006C667 /* SignUpVM.swift in Sources */,
				5F9978402BA720300085309B /* AuthTextViewCell.swift in Sources */,
			);
			runOnlyForDeploymentPostprocessing = 0;
		};
/* End PBXSourcesBuildPhase section */

/* Begin PBXTargetDependency section */
		5F9978022BA560860085309B /* PBXTargetDependency */ = {
			isa = PBXTargetDependency;
			target = 5F9977E62BA560840085309B /* AlopeciaAreaMeter */;
			targetProxy = 5F9978012BA560860085309B /* PBXContainerItemProxy */;
		};
		5F99780C2BA560860085309B /* PBXTargetDependency */ = {
			isa = PBXTargetDependency;
			target = 5F9977E62BA560840085309B /* AlopeciaAreaMeter */;
			targetProxy = 5F99780B2BA560860085309B /* PBXContainerItemProxy */;
		};
/* End PBXTargetDependency section */

/* Begin PBXVariantGroup section */
		5F9977F02BA560840085309B /* Main.storyboard */ = {
			isa = PBXVariantGroup;
			children = (
				5F9977F12BA560840085309B /* Base */,
			);
			name = Main.storyboard;
			sourceTree = "<group>";
		};
		5F9977F82BA560860085309B /* LaunchScreen.storyboard */ = {
			isa = PBXVariantGroup;
			children = (
				5F9977F92BA560860085309B /* Base */,
			);
			name = LaunchScreen.storyboard;
			sourceTree = "<group>";
		};
/* End PBXVariantGroup section */

/* Begin XCBuildConfiguration section */
		5F9978122BA560860085309B /* Debug */ = {
			isa = XCBuildConfiguration;
			buildSettings = {
				ALWAYS_SEARCH_USER_PATHS = NO;
				CLANG_ANALYZER_NONNULL = YES;
				CLANG_ANALYZER_NUMBER_OBJECT_CONVERSION = YES_AGGRESSIVE;
				CLANG_CXX_LANGUAGE_STANDARD = "gnu++20";
				CLANG_ENABLE_MODULES = YES;
				CLANG_ENABLE_OBJC_ARC = YES;
				CLANG_ENABLE_OBJC_WEAK = YES;
				CLANG_WARN_BLOCK_CAPTURE_AUTORELEASING = YES;
				CLANG_WARN_BOOL_CONVERSION = YES;
				CLANG_WARN_COMMA = YES;
				CLANG_WARN_CONSTANT_CONVERSION = YES;
				CLANG_WARN_DEPRECATED_OBJC_IMPLEMENTATIONS = YES;
				CLANG_WARN_DIRECT_OBJC_ISA_USAGE = YES_ERROR;
				CLANG_WARN_DOCUMENTATION_COMMENTS = YES;
				CLANG_WARN_EMPTY_BODY = YES;
				CLANG_WARN_ENUM_CONVERSION = YES;
				CLANG_WARN_INFINITE_RECURSION = YES;
				CLANG_WARN_INT_CONVERSION = YES;
				CLANG_WARN_NON_LITERAL_NULL_CONVERSION = YES;
				CLANG_WARN_OBJC_IMPLICIT_RETAIN_SELF = YES;
				CLANG_WARN_OBJC_LITERAL_CONVERSION = YES;
				CLANG_WARN_OBJC_ROOT_CLASS = YES_ERROR;
				CLANG_WARN_QUOTED_INCLUDE_IN_FRAMEWORK_HEADER = YES;
				CLANG_WARN_RANGE_LOOP_ANALYSIS = YES;
				CLANG_WARN_STRICT_PROTOTYPES = YES;
				CLANG_WARN_SUSPICIOUS_MOVE = YES;
				CLANG_WARN_UNGUARDED_AVAILABILITY = YES_AGGRESSIVE;
				CLANG_WARN_UNREACHABLE_CODE = YES;
				CLANG_WARN__DUPLICATE_METHOD_MATCH = YES;
				COPY_PHASE_STRIP = NO;
				DEBUG_INFORMATION_FORMAT = dwarf;
				ENABLE_STRICT_OBJC_MSGSEND = YES;
				ENABLE_TESTABILITY = YES;
				GCC_C_LANGUAGE_STANDARD = gnu11;
				GCC_DYNAMIC_NO_PIC = NO;
				GCC_NO_COMMON_BLOCKS = YES;
				GCC_OPTIMIZATION_LEVEL = 0;
				GCC_PREPROCESSOR_DEFINITIONS = (
					"DEBUG=1",
					"$(inherited)",
				);
				GCC_WARN_64_TO_32_BIT_CONVERSION = YES;
				GCC_WARN_ABOUT_RETURN_TYPE = YES_ERROR;
				GCC_WARN_UNDECLARED_SELECTOR = YES;
				GCC_WARN_UNINITIALIZED_AUTOS = YES_AGGRESSIVE;
				GCC_WARN_UNUSED_FUNCTION = YES;
				GCC_WARN_UNUSED_VARIABLE = YES;
				IPHONEOS_DEPLOYMENT_TARGET = 15.0;
				MTL_ENABLE_DEBUG_INFO = INCLUDE_SOURCE;
				MTL_FAST_MATH = YES;
				ONLY_ACTIVE_ARCH = YES;
				SDKROOT = iphoneos;
				SWIFT_ACTIVE_COMPILATION_CONDITIONS = DEBUG;
				SWIFT_OPTIMIZATION_LEVEL = "-Onone";
			};
			name = Debug;
		};
		5F9978132BA560860085309B /* Release */ = {
			isa = XCBuildConfiguration;
			buildSettings = {
				ALWAYS_SEARCH_USER_PATHS = NO;
				CLANG_ANALYZER_NONNULL = YES;
				CLANG_ANALYZER_NUMBER_OBJECT_CONVERSION = YES_AGGRESSIVE;
				CLANG_CXX_LANGUAGE_STANDARD = "gnu++20";
				CLANG_ENABLE_MODULES = YES;
				CLANG_ENABLE_OBJC_ARC = YES;
				CLANG_ENABLE_OBJC_WEAK = YES;
				CLANG_WARN_BLOCK_CAPTURE_AUTORELEASING = YES;
				CLANG_WARN_BOOL_CONVERSION = YES;
				CLANG_WARN_COMMA = YES;
				CLANG_WARN_CONSTANT_CONVERSION = YES;
				CLANG_WARN_DEPRECATED_OBJC_IMPLEMENTATIONS = YES;
				CLANG_WARN_DIRECT_OBJC_ISA_USAGE = YES_ERROR;
				CLANG_WARN_DOCUMENTATION_COMMENTS = YES;
				CLANG_WARN_EMPTY_BODY = YES;
				CLANG_WARN_ENUM_CONVERSION = YES;
				CLANG_WARN_INFINITE_RECURSION = YES;
				CLANG_WARN_INT_CONVERSION = YES;
				CLANG_WARN_NON_LITERAL_NULL_CONVERSION = YES;
				CLANG_WARN_OBJC_IMPLICIT_RETAIN_SELF = YES;
				CLANG_WARN_OBJC_LITERAL_CONVERSION = YES;
				CLANG_WARN_OBJC_ROOT_CLASS = YES_ERROR;
				CLANG_WARN_QUOTED_INCLUDE_IN_FRAMEWORK_HEADER = YES;
				CLANG_WARN_RANGE_LOOP_ANALYSIS = YES;
				CLANG_WARN_STRICT_PROTOTYPES = YES;
				CLANG_WARN_SUSPICIOUS_MOVE = YES;
				CLANG_WARN_UNGUARDED_AVAILABILITY = YES_AGGRESSIVE;
				CLANG_WARN_UNREACHABLE_CODE = YES;
				CLANG_WARN__DUPLICATE_METHOD_MATCH = YES;
				COPY_PHASE_STRIP = NO;
				DEBUG_INFORMATION_FORMAT = "dwarf-with-dsym";
				ENABLE_NS_ASSERTIONS = NO;
				ENABLE_STRICT_OBJC_MSGSEND = YES;
				GCC_C_LANGUAGE_STANDARD = gnu11;
				GCC_NO_COMMON_BLOCKS = YES;
				GCC_WARN_64_TO_32_BIT_CONVERSION = YES;
				GCC_WARN_ABOUT_RETURN_TYPE = YES_ERROR;
				GCC_WARN_UNDECLARED_SELECTOR = YES;
				GCC_WARN_UNINITIALIZED_AUTOS = YES_AGGRESSIVE;
				GCC_WARN_UNUSED_FUNCTION = YES;
				GCC_WARN_UNUSED_VARIABLE = YES;
				IPHONEOS_DEPLOYMENT_TARGET = 15.0;
				MTL_ENABLE_DEBUG_INFO = NO;
				MTL_FAST_MATH = YES;
				SDKROOT = iphoneos;
				SWIFT_COMPILATION_MODE = wholemodule;
				SWIFT_OPTIMIZATION_LEVEL = "-O";
				VALIDATE_PRODUCT = YES;
			};
			name = Release;
		};
		5F9978152BA560860085309B /* Debug */ = {
			isa = XCBuildConfiguration;
			baseConfigurationReference = E789879901430F0D285FD9A6 /* Pods-AlopeciaAreaMeter.debug.xcconfig */;
			buildSettings = {
				ASSETCATALOG_COMPILER_APPICON_NAME = AppIcon;
				ASSETCATALOG_COMPILER_GLOBAL_ACCENT_COLOR_NAME = AccentColor;
				CODE_SIGN_STYLE = Automatic;
				CURRENT_PROJECT_VERSION = 1;
				DEVELOPMENT_TEAM = BU6K3V6JJG;
				GENERATE_INFOPLIST_FILE = YES;
				INFOPLIST_FILE = AlopeciaAreaMeter/Info.plist;
				INFOPLIST_KEY_UIApplicationSupportsIndirectInputEvents = YES;
				INFOPLIST_KEY_UILaunchStoryboardName = Auth.storyboard;
				INFOPLIST_KEY_UIMainStoryboardFile = Main;
				INFOPLIST_KEY_UIStatusBarStyle = UIStatusBarStyleDarkContent;
				INFOPLIST_KEY_UISupportedInterfaceOrientations = UIInterfaceOrientationPortrait;
				IPHONEOS_DEPLOYMENT_TARGET = 15.0;
				LD_RUNPATH_SEARCH_PATHS = (
					"$(inherited)",
					"@executable_path/Frameworks",
				);
				MARKETING_VERSION = 1.0;
				PRODUCT_BUNDLE_IDENTIFIER = CureMD.AlopeciaAreaMeter;
				PRODUCT_NAME = "$(TARGET_NAME)";
				SWIFT_EMIT_LOC_STRINGS = YES;
				SWIFT_VERSION = 5.0;
				TARGETED_DEVICE_FAMILY = "1,2";
			};
			name = Debug;
		};
		5F9978162BA560860085309B /* Release */ = {
			isa = XCBuildConfiguration;
			baseConfigurationReference = 9EF794D820FFE1F08247AB50 /* Pods-AlopeciaAreaMeter.release.xcconfig */;
			buildSettings = {
				ASSETCATALOG_COMPILER_APPICON_NAME = AppIcon;
				ASSETCATALOG_COMPILER_GLOBAL_ACCENT_COLOR_NAME = AccentColor;
				CODE_SIGN_STYLE = Automatic;
				CURRENT_PROJECT_VERSION = 1;
				DEVELOPMENT_TEAM = BU6K3V6JJG;
				GENERATE_INFOPLIST_FILE = YES;
				INFOPLIST_FILE = AlopeciaAreaMeter/Info.plist;
				INFOPLIST_KEY_UIApplicationSupportsIndirectInputEvents = YES;
				INFOPLIST_KEY_UILaunchStoryboardName = Auth.storyboard;
				INFOPLIST_KEY_UIMainStoryboardFile = Main;
				INFOPLIST_KEY_UIStatusBarStyle = UIStatusBarStyleDarkContent;
				INFOPLIST_KEY_UISupportedInterfaceOrientations = UIInterfaceOrientationPortrait;
				IPHONEOS_DEPLOYMENT_TARGET = 15.0;
				LD_RUNPATH_SEARCH_PATHS = (
					"$(inherited)",
					"@executable_path/Frameworks",
				);
				MARKETING_VERSION = 1.0;
				PRODUCT_BUNDLE_IDENTIFIER = CureMD.AlopeciaAreaMeter;
				PRODUCT_NAME = "$(TARGET_NAME)";
				SWIFT_EMIT_LOC_STRINGS = YES;
				SWIFT_VERSION = 5.0;
				TARGETED_DEVICE_FAMILY = "1,2";
			};
			name = Release;
		};
		5F9978182BA560860085309B /* Debug */ = {
			isa = XCBuildConfiguration;
			baseConfigurationReference = CB09CDCC78806848B536848F /* Pods-AlopeciaAreaMeterTests.debug.xcconfig */;
			buildSettings = {
				ALWAYS_EMBED_SWIFT_STANDARD_LIBRARIES = YES;
				BUNDLE_LOADER = "$(TEST_HOST)";
				CODE_SIGN_STYLE = Automatic;
				CURRENT_PROJECT_VERSION = 1;
				DEVELOPMENT_TEAM = B9AWR3L8SM;
				GENERATE_INFOPLIST_FILE = YES;
				IPHONEOS_DEPLOYMENT_TARGET = 16.1;
				MARKETING_VERSION = 1.0;
				PRODUCT_BUNDLE_IDENTIFIER = CureMD.AlopeciaAreaMeterTests;
				PRODUCT_NAME = "$(TARGET_NAME)";
				SWIFT_EMIT_LOC_STRINGS = NO;
				SWIFT_VERSION = 5.0;
				TARGETED_DEVICE_FAMILY = "1,2";
				TEST_HOST = "$(BUILT_PRODUCTS_DIR)/AlopeciaAreaMeter.app/$(BUNDLE_EXECUTABLE_FOLDER_PATH)/AlopeciaAreaMeter";
			};
			name = Debug;
		};
		5F9978192BA560860085309B /* Release */ = {
			isa = XCBuildConfiguration;
			baseConfigurationReference = 2C7658E14B61D33F8258909B /* Pods-AlopeciaAreaMeterTests.release.xcconfig */;
			buildSettings = {
				ALWAYS_EMBED_SWIFT_STANDARD_LIBRARIES = YES;
				BUNDLE_LOADER = "$(TEST_HOST)";
				CODE_SIGN_STYLE = Automatic;
				CURRENT_PROJECT_VERSION = 1;
				DEVELOPMENT_TEAM = B9AWR3L8SM;
				GENERATE_INFOPLIST_FILE = YES;
				IPHONEOS_DEPLOYMENT_TARGET = 16.1;
				MARKETING_VERSION = 1.0;
				PRODUCT_BUNDLE_IDENTIFIER = CureMD.AlopeciaAreaMeterTests;
				PRODUCT_NAME = "$(TARGET_NAME)";
				SWIFT_EMIT_LOC_STRINGS = NO;
				SWIFT_VERSION = 5.0;
				TARGETED_DEVICE_FAMILY = "1,2";
				TEST_HOST = "$(BUILT_PRODUCTS_DIR)/AlopeciaAreaMeter.app/$(BUNDLE_EXECUTABLE_FOLDER_PATH)/AlopeciaAreaMeter";
			};
			name = Release;
		};
		5F99781B2BA560860085309B /* Debug */ = {
			isa = XCBuildConfiguration;
			baseConfigurationReference = EA471DB6F60E2D69F0BC34DD /* Pods-AlopeciaAreaMeter-AlopeciaAreaMeterUITests.debug.xcconfig */;
			buildSettings = {
				ALWAYS_EMBED_SWIFT_STANDARD_LIBRARIES = YES;
				CODE_SIGN_STYLE = Automatic;
				CURRENT_PROJECT_VERSION = 1;
				DEVELOPMENT_TEAM = B9AWR3L8SM;
				GENERATE_INFOPLIST_FILE = YES;
				MARKETING_VERSION = 1.0;
				PRODUCT_BUNDLE_IDENTIFIER = CureMD.AlopeciaAreaMeterUITests;
				PRODUCT_NAME = "$(TARGET_NAME)";
				SWIFT_EMIT_LOC_STRINGS = NO;
				SWIFT_VERSION = 5.0;
				TARGETED_DEVICE_FAMILY = "1,2";
				TEST_TARGET_NAME = AlopeciaAreaMeter;
			};
			name = Debug;
		};
		5F99781C2BA560860085309B /* Release */ = {
			isa = XCBuildConfiguration;
			baseConfigurationReference = D6E9F442AA7D8005E8267E13 /* Pods-AlopeciaAreaMeter-AlopeciaAreaMeterUITests.release.xcconfig */;
			buildSettings = {
				ALWAYS_EMBED_SWIFT_STANDARD_LIBRARIES = YES;
				CODE_SIGN_STYLE = Automatic;
				CURRENT_PROJECT_VERSION = 1;
				DEVELOPMENT_TEAM = B9AWR3L8SM;
				GENERATE_INFOPLIST_FILE = YES;
				MARKETING_VERSION = 1.0;
				PRODUCT_BUNDLE_IDENTIFIER = CureMD.AlopeciaAreaMeterUITests;
				PRODUCT_NAME = "$(TARGET_NAME)";
				SWIFT_EMIT_LOC_STRINGS = NO;
				SWIFT_VERSION = 5.0;
				TARGETED_DEVICE_FAMILY = "1,2";
				TEST_TARGET_NAME = AlopeciaAreaMeter;
			};
			name = Release;
		};
/* End XCBuildConfiguration section */

/* Begin XCConfigurationList section */
		5F9977E22BA560840085309B /* Build configuration list for PBXProject "AlopeciaAreaMeter" */ = {
			isa = XCConfigurationList;
			buildConfigurations = (
				5F9978122BA560860085309B /* Debug */,
				5F9978132BA560860085309B /* Release */,
			);
			defaultConfigurationIsVisible = 0;
			defaultConfigurationName = Release;
		};
		5F9978142BA560860085309B /* Build configuration list for PBXNativeTarget "AlopeciaAreaMeter" */ = {
			isa = XCConfigurationList;
			buildConfigurations = (
				5F9978152BA560860085309B /* Debug */,
				5F9978162BA560860085309B /* Release */,
			);
			defaultConfigurationIsVisible = 0;
			defaultConfigurationName = Release;
		};
		5F9978172BA560860085309B /* Build configuration list for PBXNativeTarget "AlopeciaAreaMeterTests" */ = {
			isa = XCConfigurationList;
			buildConfigurations = (
				5F9978182BA560860085309B /* Debug */,
				5F9978192BA560860085309B /* Release */,
			);
			defaultConfigurationIsVisible = 0;
			defaultConfigurationName = Release;
		};
		5F99781A2BA560860085309B /* Build configuration list for PBXNativeTarget "AlopeciaAreaMeterUITests" */ = {
			isa = XCConfigurationList;
			buildConfigurations = (
				5F99781B2BA560860085309B /* Debug */,
				5F99781C2BA560860085309B /* Release */,
			);
			defaultConfigurationIsVisible = 0;
			defaultConfigurationName = Release;
		};
/* End XCConfigurationList section */

/* Begin XCVersionGroup section */
		5F9977F32BA560840085309B /* AlopeciaAreaMeter.xcdatamodeld */ = {
			isa = XCVersionGroup;
			children = (
				5F9977F42BA560840085309B /* AlopeciaAreaMeter.xcdatamodel */,
			);
			currentVersion = 5F9977F42BA560840085309B /* AlopeciaAreaMeter.xcdatamodel */;
			path = AlopeciaAreaMeter.xcdatamodeld;
			sourceTree = "<group>";
			versionGroupType = wrapper.xcdatamodel;
		};
/* End XCVersionGroup section */
	};
	rootObject = 5F9977DF2BA560840085309B /* Project object */;
}
