// !$*UTF8*$!
{
	archiveVersion = 1;
	classes = {
	};
	objectVersion = 56;
	objects = {

/* Begin PBXBuildFile section */
		5F7113C92BA8520D0006C667 /* UiViewControllerExtension.swift in Sources */ = {isa = PBXBuildFile; fileRef = 5F7113C82BA8520D0006C667 /* UiViewControllerExtension.swift */; };
		5F7113CA2BA8520D0006C667 /* UiViewControllerExtension.swift in Sources */ = {isa = PBXBuildFile; fileRef = 5F7113C82BA8520D0006C667 /* UiViewControllerExtension.swift */; };
		5F7113CB2BA8520D0006C667 /* UiViewControllerExtension.swift in Sources */ = {isa = PBXBuildFile; fileRef = 5F7113C82BA8520D0006C667 /* UiViewControllerExtension.swift */; };
		5F9977EB2BA560840085309B /* AppDelegate.swift in Sources */ = {isa = PBXBuildFile; fileRef = 5F9977EA2BA560840085309B /* AppDelegate.swift */; };
		5F9977ED2BA560840085309B /* SceneDelegate.swift in Sources */ = {isa = PBXBuildFile; fileRef = 5F9977EC2BA560840085309B /* SceneDelegate.swift */; };
		5F9977EF2BA560840085309B /* ViewController.swift in Sources */ = {isa = PBXBuildFile; fileRef = 5F9977EE2BA560840085309B /* ViewController.swift */; };
		5F9977F22BA560840085309B /* Main.storyboard in Resources */ = {isa = PBXBuildFile; fileRef = 5F9977F02BA560840085309B /* Main.storyboard */; };
		5F9977F52BA560840085309B /* AlopeciaAreaMeter.xcdatamodeld in Sources */ = {isa = PBXBuildFile; fileRef = 5F9977F32BA560840085309B /* AlopeciaAreaMeter.xcdatamodeld */; };
		5F9977F72BA560850085309B /* Assets.xcassets in Resources */ = {isa = PBXBuildFile; fileRef = 5F9977F62BA560850085309B /* Assets.xcassets */; };
		5F9977FA2BA560860085309B /* LaunchScreen.storyboard in Resources */ = {isa = PBXBuildFile; fileRef = 5F9977F82BA560860085309B /* LaunchScreen.storyboard */; };
		5F9978052BA560860085309B /* AlopeciaAreaMeterTests.swift in Sources */ = {isa = PBXBuildFile; fileRef = 5F9978042BA560860085309B /* AlopeciaAreaMeterTests.swift */; };
		5F99780F2BA560860085309B /* AlopeciaAreaMeterUITests.swift in Sources */ = {isa = PBXBuildFile; fileRef = 5F99780E2BA560860085309B /* AlopeciaAreaMeterUITests.swift */; };
		5F9978112BA560860085309B /* AlopeciaAreaMeterUITestsLaunchTests.swift in Sources */ = {isa = PBXBuildFile; fileRef = 5F9978102BA560860085309B /* AlopeciaAreaMeterUITestsLaunchTests.swift */; };
		5F9978242BA6F7ED0085309B /* Utilities.swift in Sources */ = {isa = PBXBuildFile; fileRef = 5F9978232BA6F7ED0085309B /* Utilities.swift */; };
		5F9978252BA6F7ED0085309B /* Utilities.swift in Sources */ = {isa = PBXBuildFile; fileRef = 5F9978232BA6F7ED0085309B /* Utilities.swift */; };
		5F9978262BA6F7ED0085309B /* Utilities.swift in Sources */ = {isa = PBXBuildFile; fileRef = 5F9978232BA6F7ED0085309B /* Utilities.swift */; };
		5F9978282BA718040085309B /* Auth.storyboard in Resources */ = {isa = PBXBuildFile; fileRef = 5F9978272BA718040085309B /* Auth.storyboard */; };
		5F9978292BA718040085309B /* Auth.storyboard in Resources */ = {isa = PBXBuildFile; fileRef = 5F9978272BA718040085309B /* Auth.storyboard */; };
		5F99782A2BA718040085309B /* Auth.storyboard in Resources */ = {isa = PBXBuildFile; fileRef = 5F9978272BA718040085309B /* Auth.storyboard */; };
		5F9978302BA719560085309B /* MainBtnViewCell.swift in Sources */ = {isa = PBXBuildFile; fileRef = 5F99782E2BA719560085309B /* MainBtnViewCell.swift */; };
		5F9978312BA719560085309B /* MainBtnViewCell.swift in Sources */ = {isa = PBXBuildFile; fileRef = 5F99782E2BA719560085309B /* MainBtnViewCell.swift */; };
		5F9978322BA719560085309B /* MainBtnViewCell.swift in Sources */ = {isa = PBXBuildFile; fileRef = 5F99782E2BA719560085309B /* MainBtnViewCell.swift */; };
		5F9978332BA719560085309B /* MainBtnViewCell.xib in Resources */ = {isa = PBXBuildFile; fileRef = 5F99782F2BA719560085309B /* MainBtnViewCell.xib */; };
		5F9978342BA719560085309B /* MainBtnViewCell.xib in Resources */ = {isa = PBXBuildFile; fileRef = 5F99782F2BA719560085309B /* MainBtnViewCell.xib */; };
		5F9978352BA719560085309B /* MainBtnViewCell.xib in Resources */ = {isa = PBXBuildFile; fileRef = 5F99782F2BA719560085309B /* MainBtnViewCell.xib */; };
		5F9978392BA71CB00085309B /* SF Pro Text in Resources */ = {isa = PBXBuildFile; fileRef = 5F9978382BA71CB00085309B /* SF Pro Text */; };
		5F99783A2BA71CB00085309B /* SF Pro Text in Resources */ = {isa = PBXBuildFile; fileRef = 5F9978382BA71CB00085309B /* SF Pro Text */; };
		5F99783B2BA71CB00085309B /* SF Pro Text in Resources */ = {isa = PBXBuildFile; fileRef = 5F9978382BA71CB00085309B /* SF Pro Text */; };
		5F99783E2BA720300085309B /* AuthTextViewCell.swift in Sources */ = {isa = PBXBuildFile; fileRef = 5F99783C2BA720300085309B /* AuthTextViewCell.swift */; };
		5F99783F2BA720300085309B /* AuthTextViewCell.swift in Sources */ = {isa = PBXBuildFile; fileRef = 5F99783C2BA720300085309B /* AuthTextViewCell.swift */; };
		5F9978402BA720300085309B /* AuthTextViewCell.swift in Sources */ = {isa = PBXBuildFile; fileRef = 5F99783C2BA720300085309B /* AuthTextViewCell.swift */; };
		5F9978412BA720300085309B /* AuthTextViewCell.xib in Resources */ = {isa = PBXBuildFile; fileRef = 5F99783D2BA720300085309B /* AuthTextViewCell.xib */; };
		5F9978422BA720300085309B /* AuthTextViewCell.xib in Resources */ = {isa = PBXBuildFile; fileRef = 5F99783D2BA720300085309B /* AuthTextViewCell.xib */; };
		5F9978432BA720300085309B /* AuthTextViewCell.xib in Resources */ = {isa = PBXBuildFile; fileRef = 5F99783D2BA720300085309B /* AuthTextViewCell.xib */; };
		5F9978472BA8195D0085309B /* AuthHeaderViewCell.swift in Sources */ = {isa = PBXBuildFile; fileRef = 5F9978452BA8195D0085309B /* AuthHeaderViewCell.swift */; };
		5F9978482BA8195D0085309B /* AuthHeaderViewCell.swift in Sources */ = {isa = PBXBuildFile; fileRef = 5F9978452BA8195D0085309B /* AuthHeaderViewCell.swift */; };
		5F9978492BA8195D0085309B /* AuthHeaderViewCell.swift in Sources */ = {isa = PBXBuildFile; fileRef = 5F9978452BA8195D0085309B /* AuthHeaderViewCell.swift */; };
		5F99784A2BA8195D0085309B /* AuthHeaderViewCell.xib in Resources */ = {isa = PBXBuildFile; fileRef = 5F9978462BA8195D0085309B /* AuthHeaderViewCell.xib */; };
		5F99784B2BA8195D0085309B /* AuthHeaderViewCell.xib in Resources */ = {isa = PBXBuildFile; fileRef = 5F9978462BA8195D0085309B /* AuthHeaderViewCell.xib */; };
		5F99784C2BA8195D0085309B /* AuthHeaderViewCell.xib in Resources */ = {isa = PBXBuildFile; fileRef = 5F9978462BA8195D0085309B /* AuthHeaderViewCell.xib */; };
		5F99784E2BA81D210085309B /* LoginVC.swift in Sources */ = {isa = PBXBuildFile; fileRef = 5F99784D2BA81D210085309B /* LoginVC.swift */; };
		5F99784F2BA81D210085309B /* LoginVC.swift in Sources */ = {isa = PBXBuildFile; fileRef = 5F99784D2BA81D210085309B /* LoginVC.swift */; };
		5F9978502BA81D210085309B /* LoginVC.swift in Sources */ = {isa = PBXBuildFile; fileRef = 5F99784D2BA81D210085309B /* LoginVC.swift */; };
		5F9978532BA824D20085309B /* Observable.swift in Sources */ = {isa = PBXBuildFile; fileRef = 5F9978522BA824D20085309B /* Observable.swift */; };
		5F9978542BA824D20085309B /* Observable.swift in Sources */ = {isa = PBXBuildFile; fileRef = 5F9978522BA824D20085309B /* Observable.swift */; };
		5F9978552BA824D20085309B /* Observable.swift in Sources */ = {isa = PBXBuildFile; fileRef = 5F9978522BA824D20085309B /* Observable.swift */; };
/* End PBXBuildFile section */

/* Begin PBXContainerItemProxy section */
		5F9978012BA560860085309B /* PBXContainerItemProxy */ = {
			isa = PBXContainerItemProxy;
			containerPortal = 5F9977DF2BA560840085309B /* Project object */;
			proxyType = 1;
			remoteGlobalIDString = 5F9977E62BA560840085309B;
			remoteInfo = AlopeciaAreaMeter;
		};
		5F99780B2BA560860085309B /* PBXContainerItemProxy */ = {
			isa = PBXContainerItemProxy;
			containerPortal = 5F9977DF2BA560840085309B /* Project object */;
			proxyType = 1;
			remoteGlobalIDString = 5F9977E62BA560840085309B;
			remoteInfo = AlopeciaAreaMeter;
		};
/* End PBXContainerItemProxy section */

/* Begin PBXFileReference section */
		5F7113C82BA8520D0006C667 /* UiViewControllerExtension.swift */ = {isa = PBXFileReference; lastKnownFileType = sourcecode.swift; path = UiViewControllerExtension.swift; sourceTree = "<group>"; };
		5F9977E72BA560840085309B /* AlopeciaAreaMeter.app */ = {isa = PBXFileReference; explicitFileType = wrapper.application; includeInIndex = 0; path = AlopeciaAreaMeter.app; sourceTree = BUILT_PRODUCTS_DIR; };
		5F9977EA2BA560840085309B /* AppDelegate.swift */ = {isa = PBXFileReference; lastKnownFileType = sourcecode.swift; path = AppDelegate.swift; sourceTree = "<group>"; };
		5F9977EC2BA560840085309B /* SceneDelegate.swift */ = {isa = PBXFileReference; lastKnownFileType = sourcecode.swift; path = SceneDelegate.swift; sourceTree = "<group>"; };
		5F9977EE2BA560840085309B /* ViewController.swift */ = {isa = PBXFileReference; lastKnownFileType = sourcecode.swift; path = ViewController.swift; sourceTree = "<group>"; };
		5F9977F12BA560840085309B /* Base */ = {isa = PBXFileReference; lastKnownFileType = file.storyboard; name = Base; path = Base.lproj/Main.storyboard; sourceTree = "<group>"; };
		5F9977F42BA560840085309B /* AlopeciaAreaMeter.xcdatamodel */ = {isa = PBXFileReference; lastKnownFileType = wrapper.xcdatamodel; path = AlopeciaAreaMeter.xcdatamodel; sourceTree = "<group>"; };
		5F9977F62BA560850085309B /* Assets.xcassets */ = {isa = PBXFileReference; lastKnownFileType = folder.assetcatalog; path = Assets.xcassets; sourceTree = "<group>"; };
		5F9977F92BA560860085309B /* Base */ = {isa = PBXFileReference; lastKnownFileType = file.storyboard; name = Base; path = Base.lproj/LaunchScreen.storyboard; sourceTree = "<group>"; };
		5F9977FB2BA560860085309B /* Info.plist */ = {isa = PBXFileReference; lastKnownFileType = text.plist.xml; path = Info.plist; sourceTree = "<group>"; };
		5F9978002BA560860085309B /* AlopeciaAreaMeterTests.xctest */ = {isa = PBXFileReference; explicitFileType = wrapper.cfbundle; includeInIndex = 0; path = AlopeciaAreaMeterTests.xctest; sourceTree = BUILT_PRODUCTS_DIR; };
		5F9978042BA560860085309B /* AlopeciaAreaMeterTests.swift */ = {isa = PBXFileReference; lastKnownFileType = sourcecode.swift; path = AlopeciaAreaMeterTests.swift; sourceTree = "<group>"; };
		5F99780A2BA560860085309B /* AlopeciaAreaMeterUITests.xctest */ = {isa = PBXFileReference; explicitFileType = wrapper.cfbundle; includeInIndex = 0; path = AlopeciaAreaMeterUITests.xctest; sourceTree = BUILT_PRODUCTS_DIR; };
		5F99780E2BA560860085309B /* AlopeciaAreaMeterUITests.swift */ = {isa = PBXFileReference; lastKnownFileType = sourcecode.swift; path = AlopeciaAreaMeterUITests.swift; sourceTree = "<group>"; };
		5F9978102BA560860085309B /* AlopeciaAreaMeterUITestsLaunchTests.swift */ = {isa = PBXFileReference; lastKnownFileType = sourcecode.swift; path = AlopeciaAreaMeterUITestsLaunchTests.swift; sourceTree = "<group>"; };
		5F9978232BA6F7ED0085309B /* Utilities.swift */ = {isa = PBXFileReference; lastKnownFileType = sourcecode.swift; path = Utilities.swift; sourceTree = "<group>"; };
		5F9978272BA718040085309B /* Auth.storyboard */ = {isa = PBXFileReference; lastKnownFileType = file.storyboard; path = Auth.storyboard; sourceTree = "<group>"; };
		5F99782E2BA719560085309B /* MainBtnViewCell.swift */ = {isa = PBXFileReference; lastKnownFileType = sourcecode.swift; path = MainBtnViewCell.swift; sourceTree = "<group>"; };
		5F99782F2BA719560085309B /* MainBtnViewCell.xib */ = {isa = PBXFileReference; lastKnownFileType = file.xib; path = MainBtnViewCell.xib; sourceTree = "<group>"; };
		5F9978382BA71CB00085309B /* SF Pro Text */ = {isa = PBXFileReference; lastKnownFileType = folder; path = "SF Pro Text"; sourceTree = "<group>"; };
		5F99783C2BA720300085309B /* AuthTextViewCell.swift */ = {isa = PBXFileReference; lastKnownFileType = sourcecode.swift; path = AuthTextViewCell.swift; sourceTree = "<group>"; };
		5F99783D2BA720300085309B /* AuthTextViewCell.xib */ = {isa = PBXFileReference; lastKnownFileType = file.xib; path = AuthTextViewCell.xib; sourceTree = "<group>"; };
		5F9978452BA8195D0085309B /* AuthHeaderViewCell.swift */ = {isa = PBXFileReference; lastKnownFileType = sourcecode.swift; path = AuthHeaderViewCell.swift; sourceTree = "<group>"; };
		5F9978462BA8195D0085309B /* AuthHeaderViewCell.xib */ = {isa = PBXFileReference; lastKnownFileType = file.xib; path = AuthHeaderViewCell.xib; sourceTree = "<group>"; };
		5F99784D2BA81D210085309B /* LoginVC.swift */ = {isa = PBXFileReference; lastKnownFileType = sourcecode.swift; path = LoginVC.swift; sourceTree = "<group>"; };
		5F9978522BA824D20085309B /* Observable.swift */ = {isa = PBXFileReference; lastKnownFileType = sourcecode.swift; path = Observable.swift; sourceTree = "<group>"; };
/* End PBXFileReference section */

/* Begin PBXFrameworksBuildPhase section */
		5F9977E42BA560840085309B /* Frameworks */ = {
			isa = PBXFrameworksBuildPhase;
			buildActionMask = 2147483647;
			files = (
			);
			runOnlyForDeploymentPostprocessing = 0;
		};
		5F9977FD2BA560860085309B /* Frameworks */ = {
			isa = PBXFrameworksBuildPhase;
			buildActionMask = 2147483647;
			files = (
			);
			runOnlyForDeploymentPostprocessing = 0;
		};
		5F9978072BA560860085309B /* Frameworks */ = {
			isa = PBXFrameworksBuildPhase;
			buildActionMask = 2147483647;
			files = (
			);
			runOnlyForDeploymentPostprocessing = 0;
		};
/* End PBXFrameworksBuildPhase section */

/* Begin PBXGroup section */
		5F9977DE2BA560840085309B = {
			isa = PBXGroup;
			children = (
				5F9977E92BA560840085309B /* AlopeciaAreaMeter */,
				5F9978032BA560860085309B /* AlopeciaAreaMeterTests */,
				5F99780D2BA560860085309B /* AlopeciaAreaMeterUITests */,
				5F9977E82BA560840085309B /* Products */,
			);
			sourceTree = "<group>";
		};
		5F9977E82BA560840085309B /* Products */ = {
			isa = PBXGroup;
			children = (
				5F9977E72BA560840085309B /* AlopeciaAreaMeter.app */,
				5F9978002BA560860085309B /* AlopeciaAreaMeterTests.xctest */,
				5F99780A2BA560860085309B /* AlopeciaAreaMeterUITests.xctest */,
			);
			name = Products;
			sourceTree = "<group>";
		};
		5F9977E92BA560840085309B /* AlopeciaAreaMeter */ = {
			isa = PBXGroup;
			children = (
				5F9978512BA824BE0085309B /* Utils */,
				5F9978362BA71C3C0085309B /* Resources */,
				5F9978222BA6F7350085309B /* Views */,
				5F9978212BA6F6FF0085309B /* ViewModels */,
				5F9978202BA6F6CD0085309B /* ApiService */,
				5F99781F2BA6F6990085309B /* Controllers  */,
				5F99781E2BA643CF0085309B /* Helper */,
				5F99781D2BA560C50085309B /* Application */,
				5F9977F82BA560860085309B /* LaunchScreen.storyboard */,
				5F9977FB2BA560860085309B /* Info.plist */,
				5F9977F32BA560840085309B /* AlopeciaAreaMeter.xcdatamodeld */,
			);
			path = AlopeciaAreaMeter;
			sourceTree = "<group>";
		};
		5F9978032BA560860085309B /* AlopeciaAreaMeterTests */ = {
			isa = PBXGroup;
			children = (
				5F9978042BA560860085309B /* AlopeciaAreaMeterTests.swift */,
			);
			path = AlopeciaAreaMeterTests;
			sourceTree = "<group>";
		};
		5F99780D2BA560860085309B /* AlopeciaAreaMeterUITests */ = {
			isa = PBXGroup;
			children = (
				5F99780E2BA560860085309B /* AlopeciaAreaMeterUITests.swift */,
				5F9978102BA560860085309B /* AlopeciaAreaMeterUITestsLaunchTests.swift */,
			);
			path = AlopeciaAreaMeterUITests;
			sourceTree = "<group>";
		};
		5F99781D2BA560C50085309B /* Application */ = {
			isa = PBXGroup;
			children = (
				5F9977EA2BA560840085309B /* AppDelegate.swift */,
				5F9977EC2BA560840085309B /* SceneDelegate.swift */,
			);
			path = Application;
			sourceTree = "<group>";
		};
		5F99781E2BA643CF0085309B /* Helper */ = {
			isa = PBXGroup;
			children = (
				5F9978232BA6F7ED0085309B /* Utilities.swift */,
				5F7113C82BA8520D0006C667 /* UiViewControllerExtension.swift */,
			);
			path = Helper;
			sourceTree = "<group>";
		};
		5F99781F2BA6F6990085309B /* Controllers  */ = {
			isa = PBXGroup;
			children = (
				5F9977EE2BA560840085309B /* ViewController.swift */,
				5F99784D2BA81D210085309B /* LoginVC.swift */,
			);
			path = "Controllers ";
			sourceTree = "<group>";
		};
		5F9978202BA6F6CD0085309B /* ApiService */ = {
			isa = PBXGroup;
			children = (
			);
			path = ApiService;
			sourceTree = "<group>";
		};
		5F9978212BA6F6FF0085309B /* ViewModels */ = {
			isa = PBXGroup;
			children = (
			);
			path = ViewModels;
			sourceTree = "<group>";
		};
		5F9978222BA6F7350085309B /* Views */ = {
			isa = PBXGroup;
			children = (
				5F99782D2BA719090085309B /* Common */,
				5F99782C2BA718F50085309B /* Auth */,
				5F99782B2BA7180B0085309B /* Storyboards */,
			);
			path = Views;
			sourceTree = "<group>";
		};
		5F99782B2BA7180B0085309B /* Storyboards */ = {
			isa = PBXGroup;
			children = (
				5F9977F02BA560840085309B /* Main.storyboard */,
				5F9978272BA718040085309B /* Auth.storyboard */,
			);
			path = Storyboards;
			sourceTree = "<group>";
		};
		5F99782C2BA718F50085309B /* Auth */ = {
			isa = PBXGroup;
			children = (
				5F9978442BA720360085309B /* Cells */,
			);
			path = Auth;
			sourceTree = "<group>";
		};
		5F99782D2BA719090085309B /* Common */ = {
			isa = PBXGroup;
			children = (
				5F99782E2BA719560085309B /* MainBtnViewCell.swift */,
				5F99782F2BA719560085309B /* MainBtnViewCell.xib */,
			);
			path = Common;
			sourceTree = "<group>";
		};
		5F9978362BA71C3C0085309B /* Resources */ = {
			isa = PBXGroup;
			children = (
				5F9978372BA71C5B0085309B /* Fonts */,
				5F9977F62BA560850085309B /* Assets.xcassets */,
			);
			path = Resources;
			sourceTree = "<group>";
		};
		5F9978372BA71C5B0085309B /* Fonts */ = {
			isa = PBXGroup;
			children = (
				5F9978382BA71CB00085309B /* SF Pro Text */,
			);
			path = Fonts;
			sourceTree = "<group>";
		};
		5F9978442BA720360085309B /* Cells */ = {
			isa = PBXGroup;
			children = (
				5F99783C2BA720300085309B /* AuthTextViewCell.swift */,
				5F99783D2BA720300085309B /* AuthTextViewCell.xib */,
				5F9978452BA8195D0085309B /* AuthHeaderViewCell.swift */,
				5F9978462BA8195D0085309B /* AuthHeaderViewCell.xib */,
			);
			path = Cells;
			sourceTree = "<group>";
		};
		5F9978512BA824BE0085309B /* Utils */ = {
			isa = PBXGroup;
			children = (
				5F9978522BA824D20085309B /* Observable.swift */,
			);
			path = Utils;
			sourceTree = "<group>";
		};
/* End PBXGroup section */

/* Begin PBXNativeTarget section */
		5F9977E62BA560840085309B /* AlopeciaAreaMeter */ = {
			isa = PBXNativeTarget;
			buildConfigurationList = 5F9978142BA560860085309B /* Build configuration list for PBXNativeTarget "AlopeciaAreaMeter" */;
			buildPhases = (
				5F9977E32BA560840085309B /* Sources */,
				5F9977E42BA560840085309B /* Frameworks */,
				5F9977E52BA560840085309B /* Resources */,
			);
			buildRules = (
			);
			dependencies = (
			);
			name = AlopeciaAreaMeter;
			productName = AlopeciaAreaMeter;
			productReference = 5F9977E72BA560840085309B /* AlopeciaAreaMeter.app */;
			productType = "com.apple.product-type.application";
		};
		5F9977FF2BA560860085309B /* AlopeciaAreaMeterTests */ = {
			isa = PBXNativeTarget;
			buildConfigurationList = 5F9978172BA560860085309B /* Build configuration list for PBXNativeTarget "AlopeciaAreaMeterTests" */;
			buildPhases = (
				5F9977FC2BA560860085309B /* Sources */,
				5F9977FD2BA560860085309B /* Frameworks */,
				5F9977FE2BA560860085309B /* Resources */,
			);
			buildRules = (
			);
			dependencies = (
				5F9978022BA560860085309B /* PBXTargetDependency */,
			);
			name = AlopeciaAreaMeterTests;
			productName = AlopeciaAreaMeterTests;
			productReference = 5F9978002BA560860085309B /* AlopeciaAreaMeterTests.xctest */;
			productType = "com.apple.product-type.bundle.unit-test";
		};
		5F9978092BA560860085309B /* AlopeciaAreaMeterUITests */ = {
			isa = PBXNativeTarget;
			buildConfigurationList = 5F99781A2BA560860085309B /* Build configuration list for PBXNativeTarget "AlopeciaAreaMeterUITests" */;
			buildPhases = (
				5F9978062BA560860085309B /* Sources */,
				5F9978072BA560860085309B /* Frameworks */,
				5F9978082BA560860085309B /* Resources */,
			);
			buildRules = (
			);
			dependencies = (
				5F99780C2BA560860085309B /* PBXTargetDependency */,
			);
			name = AlopeciaAreaMeterUITests;
			productName = AlopeciaAreaMeterUITests;
			productReference = 5F99780A2BA560860085309B /* AlopeciaAreaMeterUITests.xctest */;
			productType = "com.apple.product-type.bundle.ui-testing";
		};
/* End PBXNativeTarget section */

/* Begin PBXProject section */
		5F9977DF2BA560840085309B /* Project object */ = {
			isa = PBXProject;
			attributes = {
				BuildIndependentTargetsInParallel = 1;
				LastSwiftUpdateCheck = 1410;
				LastUpgradeCheck = 1410;
				TargetAttributes = {
					5F9977E62BA560840085309B = {
						CreatedOnToolsVersion = 14.1;
					};
					5F9977FF2BA560860085309B = {
						CreatedOnToolsVersion = 14.1;
						TestTargetID = 5F9977E62BA560840085309B;
					};
					5F9978092BA560860085309B = {
						CreatedOnToolsVersion = 14.1;
						TestTargetID = 5F9977E62BA560840085309B;
					};
				};
			};
			buildConfigurationList = 5F9977E22BA560840085309B /* Build configuration list for PBXProject "AlopeciaAreaMeter" */;
			compatibilityVersion = "Xcode 14.0";
			developmentRegion = en;
			hasScannedForEncodings = 0;
			knownRegions = (
				en,
				Base,
			);
			mainGroup = 5F9977DE2BA560840085309B;
			productRefGroup = 5F9977E82BA560840085309B /* Products */;
			projectDirPath = "";
			projectRoot = "";
			targets = (
				5F9977E62BA560840085309B /* AlopeciaAreaMeter */,
				5F9977FF2BA560860085309B /* AlopeciaAreaMeterTests */,
				5F9978092BA560860085309B /* AlopeciaAreaMeterUITests */,
			);
		};
/* End PBXProject section */

/* Begin PBXResourcesBuildPhase section */
		5F9977E52BA560840085309B /* Resources */ = {
			isa = PBXResourcesBuildPhase;
			buildActionMask = 2147483647;
			files = (
				5F9978412BA720300085309B /* AuthTextViewCell.xib in Resources */,
				5F9978282BA718040085309B /* Auth.storyboard in Resources */,
				5F9977FA2BA560860085309B /* LaunchScreen.storyboard in Resources */,
				5F9977F72BA560850085309B /* Assets.xcassets in Resources */,
				5F9978332BA719560085309B /* MainBtnViewCell.xib in Resources */,
				5F99784A2BA8195D0085309B /* AuthHeaderViewCell.xib in Resources */,
				5F9978392BA71CB00085309B /* SF Pro Text in Resources */,
				5F9977F22BA560840085309B /* Main.storyboard in Resources */,
			);
			runOnlyForDeploymentPostprocessing = 0;
		};
		5F9977FE2BA560860085309B /* Resources */ = {
			isa = PBXResourcesBuildPhase;
			buildActionMask = 2147483647;
			files = (
				5F99784B2BA8195D0085309B /* AuthHeaderViewCell.xib in Resources */,
				5F9978342BA719560085309B /* MainBtnViewCell.xib in Resources */,
				5F99783A2BA71CB00085309B /* SF Pro Text in Resources */,
				5F9978422BA720300085309B /* AuthTextViewCell.xib in Resources */,
				5F9978292BA718040085309B /* Auth.storyboard in Resources */,
			);
			runOnlyForDeploymentPostprocessing = 0;
		};
		5F9978082BA560860085309B /* Resources */ = {
			isa = PBXResourcesBuildPhase;
			buildActionMask = 2147483647;
			files = (
				5F99784C2BA8195D0085309B /* AuthHeaderViewCell.xib in Resources */,
				5F9978352BA719560085309B /* MainBtnViewCell.xib in Resources */,
				5F99783B2BA71CB00085309B /* SF Pro Text in Resources */,
				5F9978432BA720300085309B /* AuthTextViewCell.xib in Resources */,
				5F99782A2BA718040085309B /* Auth.storyboard in Resources */,
			);
			runOnlyForDeploymentPostprocessing = 0;
		};
/* End PBXResourcesBuildPhase section */

/* Begin PBXSourcesBuildPhase section */
		5F9977E32BA560840085309B /* Sources */ = {
			isa = PBXSourcesBuildPhase;
			buildActionMask = 2147483647;
			files = (
				5F9977EF2BA560840085309B /* ViewController.swift in Sources */,
				5F9978472BA8195D0085309B /* AuthHeaderViewCell.swift in Sources */,
				5F99783E2BA720300085309B /* AuthTextViewCell.swift in Sources */,
				5F9977EB2BA560840085309B /* AppDelegate.swift in Sources */,
				5F7113C92BA8520D0006C667 /* UiViewControllerExtension.swift in Sources */,
				5F9978302BA719560085309B /* MainBtnViewCell.swift in Sources */,
				5F99784E2BA81D210085309B /* LoginVC.swift in Sources */,
				5F9978532BA824D20085309B /* Observable.swift in Sources */,
				5F9977F52BA560840085309B /* AlopeciaAreaMeter.xcdatamodeld in Sources */,
				5F9978242BA6F7ED0085309B /* Utilities.swift in Sources */,
				5F9977ED2BA560840085309B /* SceneDelegate.swift in Sources */,
			);
			runOnlyForDeploymentPostprocessing = 0;
		};
		5F9977FC2BA560860085309B /* Sources */ = {
			isa = PBXSourcesBuildPhase;
			buildActionMask = 2147483647;
			files = (
				5F9978252BA6F7ED0085309B /* Utilities.swift in Sources */,
				5F9978482BA8195D0085309B /* AuthHeaderViewCell.swift in Sources */,
				5F99784F2BA81D210085309B /* LoginVC.swift in Sources */,
				5F9978542BA824D20085309B /* Observable.swift in Sources */,
				5F7113CA2BA8520D0006C667 /* UiViewControllerExtension.swift in Sources */,
				5F9978052BA560860085309B /* AlopeciaAreaMeterTests.swift in Sources */,
				5F99783F2BA720300085309B /* AuthTextViewCell.swift in Sources */,
				5F9978312BA719560085309B /* MainBtnViewCell.swift in Sources */,
			);
			runOnlyForDeploymentPostprocessing = 0;
		};
		5F9978062BA560860085309B /* Sources */ = {
			isa = PBXSourcesBuildPhase;
			buildActionMask = 2147483647;
			files = (
				5F9978552BA824D20085309B /* Observable.swift in Sources */,
				5F9978322BA719560085309B /* MainBtnViewCell.swift in Sources */,
				5F9978262BA6F7ED0085309B /* Utilities.swift in Sources */,
				5F7113CB2BA8520D0006C667 /* UiViewControllerExtension.swift in Sources */,
				5F9978502BA81D210085309B /* LoginVC.swift in Sources */,
				5F99780F2BA560860085309B /* AlopeciaAreaMeterUITests.swift in Sources */,
				5F9978492BA8195D0085309B /* AuthHeaderViewCell.swift in Sources */,
				5F9978112BA560860085309B /* AlopeciaAreaMeterUITestsLaunchTests.swift in Sources */,
				5F9978402BA720300085309B /* AuthTextViewCell.swift in Sources */,
			);
			runOnlyForDeploymentPostprocessing = 0;
		};
/* End PBXSourcesBuildPhase section */

/* Begin PBXTargetDependency section */
		5F9978022BA560860085309B /* PBXTargetDependency */ = {
			isa = PBXTargetDependency;
			target = 5F9977E62BA560840085309B /* AlopeciaAreaMeter */;
			targetProxy = 5F9978012BA560860085309B /* PBXContainerItemProxy */;
		};
		5F99780C2BA560860085309B /* PBXTargetDependency */ = {
			isa = PBXTargetDependency;
			target = 5F9977E62BA560840085309B /* AlopeciaAreaMeter */;
			targetProxy = 5F99780B2BA560860085309B /* PBXContainerItemProxy */;
		};
/* End PBXTargetDependency section */

/* Begin PBXVariantGroup section */
		5F9977F02BA560840085309B /* Main.storyboard */ = {
			isa = PBXVariantGroup;
			children = (
				5F9977F12BA560840085309B /* Base */,
			);
			name = Main.storyboard;
			sourceTree = "<group>";
		};
		5F9977F82BA560860085309B /* LaunchScreen.storyboard */ = {
			isa = PBXVariantGroup;
			children = (
				5F9977F92BA560860085309B /* Base */,
			);
			name = LaunchScreen.storyboard;
			sourceTree = "<group>";
		};
/* End PBXVariantGroup section */

/* Begin XCBuildConfiguration section */
		5F9978122BA560860085309B /* Debug */ = {
			isa = XCBuildConfiguration;
			buildSettings = {
				ALWAYS_SEARCH_USER_PATHS = NO;
				CLANG_ANALYZER_NONNULL = YES;
				CLANG_ANALYZER_NUMBER_OBJECT_CONVERSION = YES_AGGRESSIVE;
				CLANG_CXX_LANGUAGE_STANDARD = "gnu++20";
				CLANG_ENABLE_MODULES = YES;
				CLANG_ENABLE_OBJC_ARC = YES;
				CLANG_ENABLE_OBJC_WEAK = YES;
				CLANG_WARN_BLOCK_CAPTURE_AUTORELEASING = YES;
				CLANG_WARN_BOOL_CONVERSION = YES;
				CLANG_WARN_COMMA = YES;
				CLANG_WARN_CONSTANT_CONVERSION = YES;
				CLANG_WARN_DEPRECATED_OBJC_IMPLEMENTATIONS = YES;
				CLANG_WARN_DIRECT_OBJC_ISA_USAGE = YES_ERROR;
				CLANG_WARN_DOCUMENTATION_COMMENTS = YES;
				CLANG_WARN_EMPTY_BODY = YES;
				CLANG_WARN_ENUM_CONVERSION = YES;
				CLANG_WARN_INFINITE_RECURSION = YES;
				CLANG_WARN_INT_CONVERSION = YES;
				CLANG_WARN_NON_LITERAL_NULL_CONVERSION = YES;
				CLANG_WARN_OBJC_IMPLICIT_RETAIN_SELF = YES;
				CLANG_WARN_OBJC_LITERAL_CONVERSION = YES;
				CLANG_WARN_OBJC_ROOT_CLASS = YES_ERROR;
				CLANG_WARN_QUOTED_INCLUDE_IN_FRAMEWORK_HEADER = YES;
				CLANG_WARN_RANGE_LOOP_ANALYSIS = YES;
				CLANG_WARN_STRICT_PROTOTYPES = YES;
				CLANG_WARN_SUSPICIOUS_MOVE = YES;
				CLANG_WARN_UNGUARDED_AVAILABILITY = YES_AGGRESSIVE;
				CLANG_WARN_UNREACHABLE_CODE = YES;
				CLANG_WARN__DUPLICATE_METHOD_MATCH = YES;
				COPY_PHASE_STRIP = NO;
				DEBUG_INFORMATION_FORMAT = dwarf;
				ENABLE_STRICT_OBJC_MSGSEND = YES;
				ENABLE_TESTABILITY = YES;
				GCC_C_LANGUAGE_STANDARD = gnu11;
				GCC_DYNAMIC_NO_PIC = NO;
				GCC_NO_COMMON_BLOCKS = YES;
				GCC_OPTIMIZATION_LEVEL = 0;
				GCC_PREPROCESSOR_DEFINITIONS = (
					"DEBUG=1",
					"$(inherited)",
				);
				GCC_WARN_64_TO_32_BIT_CONVERSION = YES;
				GCC_WARN_ABOUT_RETURN_TYPE = YES_ERROR;
				GCC_WARN_UNDECLARED_SELECTOR = YES;
				GCC_WARN_UNINITIALIZED_AUTOS = YES_AGGRESSIVE;
				GCC_WARN_UNUSED_FUNCTION = YES;
				GCC_WARN_UNUSED_VARIABLE = YES;
				IPHONEOS_DEPLOYMENT_TARGET = 16.1;
				MTL_ENABLE_DEBUG_INFO = INCLUDE_SOURCE;
				MTL_FAST_MATH = YES;
				ONLY_ACTIVE_ARCH = YES;
				SDKROOT = iphoneos;
				SWIFT_ACTIVE_COMPILATION_CONDITIONS = DEBUG;
				SWIFT_OPTIMIZATION_LEVEL = "-Onone";
			};
			name = Debug;
		};
		5F9978132BA560860085309B /* Release */ = {
			isa = XCBuildConfiguration;
			buildSettings = {
				ALWAYS_SEARCH_USER_PATHS = NO;
				CLANG_ANALYZER_NONNULL = YES;
				CLANG_ANALYZER_NUMBER_OBJECT_CONVERSION = YES_AGGRESSIVE;
				CLANG_CXX_LANGUAGE_STANDARD = "gnu++20";
				CLANG_ENABLE_MODULES = YES;
				CLANG_ENABLE_OBJC_ARC = YES;
				CLANG_ENABLE_OBJC_WEAK = YES;
				CLANG_WARN_BLOCK_CAPTURE_AUTORELEASING = YES;
				CLANG_WARN_BOOL_CONVERSION = YES;
				CLANG_WARN_COMMA = YES;
				CLANG_WARN_CONSTANT_CONVERSION = YES;
				CLANG_WARN_DEPRECATED_OBJC_IMPLEMENTATIONS = YES;
				CLANG_WARN_DIRECT_OBJC_ISA_USAGE = YES_ERROR;
				CLANG_WARN_DOCUMENTATION_COMMENTS = YES;
				CLANG_WARN_EMPTY_BODY = YES;
				CLANG_WARN_ENUM_CONVERSION = YES;
				CLANG_WARN_INFINITE_RECURSION = YES;
				CLANG_WARN_INT_CONVERSION = YES;
				CLANG_WARN_NON_LITERAL_NULL_CONVERSION = YES;
				CLANG_WARN_OBJC_IMPLICIT_RETAIN_SELF = YES;
				CLANG_WARN_OBJC_LITERAL_CONVERSION = YES;
				CLANG_WARN_OBJC_ROOT_CLASS = YES_ERROR;
				CLANG_WARN_QUOTED_INCLUDE_IN_FRAMEWORK_HEADER = YES;
				CLANG_WARN_RANGE_LOOP_ANALYSIS = YES;
				CLANG_WARN_STRICT_PROTOTYPES = YES;
				CLANG_WARN_SUSPICIOUS_MOVE = YES;
				CLANG_WARN_UNGUARDED_AVAILABILITY = YES_AGGRESSIVE;
				CLANG_WARN_UNREACHABLE_CODE = YES;
				CLANG_WARN__DUPLICATE_METHOD_MATCH = YES;
				COPY_PHASE_STRIP = NO;
				DEBUG_INFORMATION_FORMAT = "dwarf-with-dsym";
				ENABLE_NS_ASSERTIONS = NO;
				ENABLE_STRICT_OBJC_MSGSEND = YES;
				GCC_C_LANGUAGE_STANDARD = gnu11;
				GCC_NO_COMMON_BLOCKS = YES;
				GCC_WARN_64_TO_32_BIT_CONVERSION = YES;
				GCC_WARN_ABOUT_RETURN_TYPE = YES_ERROR;
				GCC_WARN_UNDECLARED_SELECTOR = YES;
				GCC_WARN_UNINITIALIZED_AUTOS = YES_AGGRESSIVE;
				GCC_WARN_UNUSED_FUNCTION = YES;
				GCC_WARN_UNUSED_VARIABLE = YES;
				IPHONEOS_DEPLOYMENT_TARGET = 16.1;
				MTL_ENABLE_DEBUG_INFO = NO;
				MTL_FAST_MATH = YES;
				SDKROOT = iphoneos;
				SWIFT_COMPILATION_MODE = wholemodule;
				SWIFT_OPTIMIZATION_LEVEL = "-O";
				VALIDATE_PRODUCT = YES;
			};
			name = Release;
		};
		5F9978152BA560860085309B /* Debug */ = {
			isa = XCBuildConfiguration;
			buildSettings = {
				ASSETCATALOG_COMPILER_APPICON_NAME = AppIcon;
				ASSETCATALOG_COMPILER_GLOBAL_ACCENT_COLOR_NAME = AccentColor;
				CODE_SIGN_STYLE = Automatic;
				CURRENT_PROJECT_VERSION = 1;
				DEVELOPMENT_TEAM = B9AWR3L8SM;
				GENERATE_INFOPLIST_FILE = YES;
				INFOPLIST_FILE = AlopeciaAreaMeter/Info.plist;
				INFOPLIST_KEY_UIApplicationSupportsIndirectInputEvents = YES;
				INFOPLIST_KEY_UILaunchStoryboardName = Auth.storyboard;
				INFOPLIST_KEY_UIMainStoryboardFile = Main;
				INFOPLIST_KEY_UIStatusBarStyle = UIStatusBarStyleDarkContent;
				INFOPLIST_KEY_UISupportedInterfaceOrientations = UIInterfaceOrientationPortrait;
				IPHONEOS_DEPLOYMENT_TARGET = 13.0;
				LD_RUNPATH_SEARCH_PATHS = (
					"$(inherited)",
					"@executable_path/Frameworks",
				);
				MARKETING_VERSION = 1.0;
				PRODUCT_BUNDLE_IDENTIFIER = CureMD.AlopeciaAreaMeter;
				PRODUCT_NAME = "$(TARGET_NAME)";
				SWIFT_EMIT_LOC_STRINGS = YES;
				SWIFT_VERSION = 5.0;
				TARGETED_DEVICE_FAMILY = "1,2";
			};
			name = Debug;
		};
		5F9978162BA560860085309B /* Release */ = {
			isa = XCBuildConfiguration;
			buildSettings = {
				ASSETCATALOG_COMPILER_APPICON_NAME = AppIcon;
				ASSETCATALOG_COMPILER_GLOBAL_ACCENT_COLOR_NAME = AccentColor;
				CODE_SIGN_STYLE = Automatic;
				CURRENT_PROJECT_VERSION = 1;
				DEVELOPMENT_TEAM = B9AWR3L8SM;
				GENERATE_INFOPLIST_FILE = YES;
				INFOPLIST_FILE = AlopeciaAreaMeter/Info.plist;
				INFOPLIST_KEY_UIApplicationSupportsIndirectInputEvents = YES;
				INFOPLIST_KEY_UILaunchStoryboardName = Auth.storyboard;
				INFOPLIST_KEY_UIMainStoryboardFile = Main;
				INFOPLIST_KEY_UIStatusBarStyle = UIStatusBarStyleDarkContent;
				INFOPLIST_KEY_UISupportedInterfaceOrientations = UIInterfaceOrientationPortrait;
				IPHONEOS_DEPLOYMENT_TARGET = 13.0;
				LD_RUNPATH_SEARCH_PATHS = (
					"$(inherited)",
					"@executable_path/Frameworks",
				);
				MARKETING_VERSION = 1.0;
				PRODUCT_BUNDLE_IDENTIFIER = CureMD.AlopeciaAreaMeter;
				PRODUCT_NAME = "$(TARGET_NAME)";
				SWIFT_EMIT_LOC_STRINGS = YES;
				SWIFT_VERSION = 5.0;
				TARGETED_DEVICE_FAMILY = "1,2";
			};
			name = Release;
		};
		5F9978182BA560860085309B /* Debug */ = {
			isa = XCBuildConfiguration;
			buildSettings = {
				ALWAYS_EMBED_SWIFT_STANDARD_LIBRARIES = YES;
				BUNDLE_LOADER = "$(TEST_HOST)";
				CODE_SIGN_STYLE = Automatic;
				CURRENT_PROJECT_VERSION = 1;
				DEVELOPMENT_TEAM = B9AWR3L8SM;
				GENERATE_INFOPLIST_FILE = YES;
				IPHONEOS_DEPLOYMENT_TARGET = 16.1;
				MARKETING_VERSION = 1.0;
				PRODUCT_BUNDLE_IDENTIFIER = CureMD.AlopeciaAreaMeterTests;
				PRODUCT_NAME = "$(TARGET_NAME)";
				SWIFT_EMIT_LOC_STRINGS = NO;
				SWIFT_VERSION = 5.0;
				TARGETED_DEVICE_FAMILY = "1,2";
				TEST_HOST = "$(BUILT_PRODUCTS_DIR)/AlopeciaAreaMeter.app/$(BUNDLE_EXECUTABLE_FOLDER_PATH)/AlopeciaAreaMeter";
			};
			name = Debug;
		};
		5F9978192BA560860085309B /* Release */ = {
			isa = XCBuildConfiguration;
			buildSettings = {
				ALWAYS_EMBED_SWIFT_STANDARD_LIBRARIES = YES;
				BUNDLE_LOADER = "$(TEST_HOST)";
				CODE_SIGN_STYLE = Automatic;
				CURRENT_PROJECT_VERSION = 1;
				DEVELOPMENT_TEAM = B9AWR3L8SM;
				GENERATE_INFOPLIST_FILE = YES;
				IPHONEOS_DEPLOYMENT_TARGET = 16.1;
				MARKETING_VERSION = 1.0;
				PRODUCT_BUNDLE_IDENTIFIER = CureMD.AlopeciaAreaMeterTests;
				PRODUCT_NAME = "$(TARGET_NAME)";
				SWIFT_EMIT_LOC_STRINGS = NO;
				SWIFT_VERSION = 5.0;
				TARGETED_DEVICE_FAMILY = "1,2";
				TEST_HOST = "$(BUILT_PRODUCTS_DIR)/AlopeciaAreaMeter.app/$(BUNDLE_EXECUTABLE_FOLDER_PATH)/AlopeciaAreaMeter";
			};
			name = Release;
		};
		5F99781B2BA560860085309B /* Debug */ = {
			isa = XCBuildConfiguration;
			buildSettings = {
				ALWAYS_EMBED_SWIFT_STANDARD_LIBRARIES = YES;
				CODE_SIGN_STYLE = Automatic;
				CURRENT_PROJECT_VERSION = 1;
				DEVELOPMENT_TEAM = B9AWR3L8SM;
				GENERATE_INFOPLIST_FILE = YES;
				MARKETING_VERSION = 1.0;
				PRODUCT_BUNDLE_IDENTIFIER = CureMD.AlopeciaAreaMeterUITests;
				PRODUCT_NAME = "$(TARGET_NAME)";
				SWIFT_EMIT_LOC_STRINGS = NO;
				SWIFT_VERSION = 5.0;
				TARGETED_DEVICE_FAMILY = "1,2";
				TEST_TARGET_NAME = AlopeciaAreaMeter;
			};
			name = Debug;
		};
		5F99781C2BA560860085309B /* Release */ = {
			isa = XCBuildConfiguration;
			buildSettings = {
				ALWAYS_EMBED_SWIFT_STANDARD_LIBRARIES = YES;
				CODE_SIGN_STYLE = Automatic;
				CURRENT_PROJECT_VERSION = 1;
				DEVELOPMENT_TEAM = B9AWR3L8SM;
				GENERATE_INFOPLIST_FILE = YES;
				MARKETING_VERSION = 1.0;
				PRODUCT_BUNDLE_IDENTIFIER = CureMD.AlopeciaAreaMeterUITests;
				PRODUCT_NAME = "$(TARGET_NAME)";
				SWIFT_EMIT_LOC_STRINGS = NO;
				SWIFT_VERSION = 5.0;
				TARGETED_DEVICE_FAMILY = "1,2";
				TEST_TARGET_NAME = AlopeciaAreaMeter;
			};
			name = Release;
		};
/* End XCBuildConfiguration section */

/* Begin XCConfigurationList section */
		5F9977E22BA560840085309B /* Build configuration list for PBXProject "AlopeciaAreaMeter" */ = {
			isa = XCConfigurationList;
			buildConfigurations = (
				5F9978122BA560860085309B /* Debug */,
				5F9978132BA560860085309B /* Release */,
			);
			defaultConfigurationIsVisible = 0;
			defaultConfigurationName = Release;
		};
		5F9978142BA560860085309B /* Build configuration list for PBXNativeTarget "AlopeciaAreaMeter" */ = {
			isa = XCConfigurationList;
			buildConfigurations = (
				5F9978152BA560860085309B /* Debug */,
				5F9978162BA560860085309B /* Release */,
			);
			defaultConfigurationIsVisible = 0;
			defaultConfigurationName = Release;
		};
		5F9978172BA560860085309B /* Build configuration list for PBXNativeTarget "AlopeciaAreaMeterTests" */ = {
			isa = XCConfigurationList;
			buildConfigurations = (
				5F9978182BA560860085309B /* Debug */,
				5F9978192BA560860085309B /* Release */,
			);
			defaultConfigurationIsVisible = 0;
			defaultConfigurationName = Release;
		};
		5F99781A2BA560860085309B /* Build configuration list for PBXNativeTarget "AlopeciaAreaMeterUITests" */ = {
			isa = XCConfigurationList;
			buildConfigurations = (
				5F99781B2BA560860085309B /* Debug */,
				5F99781C2BA560860085309B /* Release */,
			);
			defaultConfigurationIsVisible = 0;
			defaultConfigurationName = Release;
		};
/* End XCConfigurationList section */

/* Begin XCVersionGroup section */
		5F9977F32BA560840085309B /* AlopeciaAreaMeter.xcdatamodeld */ = {
			isa = XCVersionGroup;
			children = (
				5F9977F42BA560840085309B /* AlopeciaAreaMeter.xcdatamodel */,
			);
			currentVersion = 5F9977F42BA560840085309B /* AlopeciaAreaMeter.xcdatamodel */;
			path = AlopeciaAreaMeter.xcdatamodeld;
			sourceTree = "<group>";
			versionGroupType = wrapper.xcdatamodel;
		};
/* End XCVersionGroup section */
	};
	rootObject = 5F9977DF2BA560840085309B /* Project object */;
}
